// !$*UTF8*$!
{
	archiveVersion = 1;
	classes = {
	};
	objectVersion = 52;
	objects = {

/* Begin PBXBuildFile section */
		C40B115424FA2FBF008E4C1A /* Samples in Resources */ = {isa = PBXBuildFile; fileRef = C40B115324FA2FBF008E4C1A /* Samples */; };
		C40F42D0251DC8B8008B3648 /* VocalTractOperation.swift in Sources */ = {isa = PBXBuildFile; fileRef = C40F42CF251DC8B8008B3648 /* VocalTractOperation.swift */; };
		C414F032251DAEFC004F0741 /* AutoPanner.swift in Sources */ = {isa = PBXBuildFile; fileRef = C414F031251DAEFC004F0741 /* AutoPanner.swift */; };
		C436DF272506D8E900B7B394 /* Sounds in Resources */ = {isa = PBXBuildFile; fileRef = C436DF262506D8E900B7B394 /* Sounds */; };
		C436DF292506D93700B7B394 /* MusicToy.swift in Sources */ = {isa = PBXBuildFile; fileRef = C436DF282506D93700B7B394 /* MusicToy.swift */; };
		C436DF2B2506DD0B00B7B394 /* seqDemo.mid in Resources */ = {isa = PBXBuildFile; fileRef = C436DF2A2506DD0A00B7B394 /* seqDemo.mid */; };
		C436DF31250731CF00B7B394 /* MIDIMonitor.swift in Sources */ = {isa = PBXBuildFile; fileRef = C436DF30250731CF00B7B394 /* MIDIMonitor.swift */; };
		C43771B6251005C3008DBC12 /* PhaseLockedVocoder.swift in Sources */ = {isa = PBXBuildFile; fileRef = C43771B5251005C3008DBC12 /* PhaseLockedVocoder.swift */; };
		C43771B92510BB4E008DBC12 /* Sliders in Frameworks */ = {isa = PBXBuildFile; productRef = C43771B82510BB4E008DBC12 /* Sliders */; };
		C43C764B24C4BC1700E2DA97 /* AppDelegate.swift in Sources */ = {isa = PBXBuildFile; fileRef = C43C764A24C4BC1700E2DA97 /* AppDelegate.swift */; };
		C43C764D24C4BC1700E2DA97 /* SceneDelegate.swift in Sources */ = {isa = PBXBuildFile; fileRef = C43C764C24C4BC1700E2DA97 /* SceneDelegate.swift */; };
		C43C764F24C4BC1700E2DA97 /* ContentView.swift in Sources */ = {isa = PBXBuildFile; fileRef = C43C764E24C4BC1700E2DA97 /* ContentView.swift */; };
		C43C765124C4BC1800E2DA97 /* Assets.xcassets in Resources */ = {isa = PBXBuildFile; fileRef = C43C765024C4BC1800E2DA97 /* Assets.xcassets */; };
		C43C765424C4BC1800E2DA97 /* Preview Assets.xcassets in Resources */ = {isa = PBXBuildFile; fileRef = C43C765324C4BC1800E2DA97 /* Preview Assets.xcassets */; };
		C43C765724C4BC1800E2DA97 /* LaunchScreen.storyboard in Resources */ = {isa = PBXBuildFile; fileRef = C43C765524C4BC1800E2DA97 /* LaunchScreen.storyboard */; };
		C44ADB2824EC60710045963E /* AudioKit in Frameworks */ = {isa = PBXBuildFile; productRef = C44ADB2724EC60710045963E /* AudioKit */; };
		C44DA0DC250D69EF001F0BDC /* ADSRView.swift in Sources */ = {isa = PBXBuildFile; fileRef = C44DA0DB250D69EF001F0BDC /* ADSRView.swift */; };
		C44DA0DE250D6A62001F0BDC /* PlayerControls.swift in Sources */ = {isa = PBXBuildFile; fileRef = C44DA0DD250D6A62001F0BDC /* PlayerControls.swift */; };
		C467CCC2250C2B23002EB3A4 /* Drums2.swift in Sources */ = {isa = PBXBuildFile; fileRef = C467CCC1250C2B23002EB3A4 /* Drums2.swift */; };
		C47E7AA724FE3CD0001F6F98 /* PlotView.swift in Sources */ = {isa = PBXBuildFile; fileRef = C47E7AA624FE3CD0001F6F98 /* PlotView.swift */; };
		C47E7AAC24FE4987001F6F98 /* TelephoneView.swift in Sources */ = {isa = PBXBuildFile; fileRef = C47E7AAB24FE4987001F6F98 /* TelephoneView.swift */; };
		C4B680D924FE283A00F27146 /* KeyboardView.swift in Sources */ = {isa = PBXBuildFile; fileRef = C4B680D824FE283A00F27146 /* KeyboardView.swift */; };
		C4B680DB24FE294900F27146 /* ParameterSlider.swift in Sources */ = {isa = PBXBuildFile; fileRef = C4B680DA24FE294900F27146 /* ParameterSlider.swift */; };
		C4C84997250784F500ACB2DC /* Recorder.swift in Sources */ = {isa = PBXBuildFile; fileRef = C4C84996250784F500ACB2DC /* Recorder.swift */; };
		C4CC34A22504BFEF00DC6C1C /* HighShelfParametricEqualizerFilter.swift in Sources */ = {isa = PBXBuildFile; fileRef = C4CC34762504BFEC00DC6C1C /* HighShelfParametricEqualizerFilter.swift */; };
		C4CC34A32504BFEF00DC6C1C /* ResonantFilter.swift in Sources */ = {isa = PBXBuildFile; fileRef = C4CC34772504BFEC00DC6C1C /* ResonantFilter.swift */; };
		C4CC34A42504BFEF00DC6C1C /* ToneComplementFilter.swift in Sources */ = {isa = PBXBuildFile; fileRef = C4CC34782504BFEC00DC6C1C /* ToneComplementFilter.swift */; };
		C4CC34A52504BFEF00DC6C1C /* PeakingParametricEqualizerFilter.swift in Sources */ = {isa = PBXBuildFile; fileRef = C4CC34792504BFEC00DC6C1C /* PeakingParametricEqualizerFilter.swift */; };
		C4CC34A62504BFEF00DC6C1C /* MorphingOscillator.swift in Sources */ = {isa = PBXBuildFile; fileRef = C4CC347A2504BFEC00DC6C1C /* MorphingOscillator.swift */; };
		C4CC34A72504BFEF00DC6C1C /* Oscillator.swift in Sources */ = {isa = PBXBuildFile; fileRef = C4CC347B2504BFEC00DC6C1C /* Oscillator.swift */; };
		C4CC34A82504BFEF00DC6C1C /* AmplitudeEnvelope.swift in Sources */ = {isa = PBXBuildFile; fileRef = C4CC347C2504BFEC00DC6C1C /* AmplitudeEnvelope.swift */; };
		C4CC34A92504BFEF00DC6C1C /* Clipper.swift in Sources */ = {isa = PBXBuildFile; fileRef = C4CC347D2504BFEC00DC6C1C /* Clipper.swift */; };
		C4CC34AA2504BFEF00DC6C1C /* Panner.swift in Sources */ = {isa = PBXBuildFile; fileRef = C4CC347E2504BFEC00DC6C1C /* Panner.swift */; };
		C4CC34AB2504BFEF00DC6C1C /* PWMOscillator.swift in Sources */ = {isa = PBXBuildFile; fileRef = C4CC347F2504BFEC00DC6C1C /* PWMOscillator.swift */; };
		C4CC34AC2504BFEF00DC6C1C /* ToneFilter.swift in Sources */ = {isa = PBXBuildFile; fileRef = C4CC34802504BFEC00DC6C1C /* ToneFilter.swift */; };
		C4CC34AD2504BFEF00DC6C1C /* CostelloReverb.swift in Sources */ = {isa = PBXBuildFile; fileRef = C4CC34812504BFEC00DC6C1C /* CostelloReverb.swift */; };
		C4CC34AE2504BFEF00DC6C1C /* VariableDelay.swift in Sources */ = {isa = PBXBuildFile; fileRef = C4CC34822504BFEC00DC6C1C /* VariableDelay.swift */; };
		C4CC34AF2504BFEF00DC6C1C /* ModalResonanceFilter.swift in Sources */ = {isa = PBXBuildFile; fileRef = C4CC34832504BFEC00DC6C1C /* ModalResonanceFilter.swift */; };
		C4CC34B02504BFEF00DC6C1C /* StringResonator.swift in Sources */ = {isa = PBXBuildFile; fileRef = C4CC34842504BFEC00DC6C1C /* StringResonator.swift */; };
		C4CC34B12504BFEF00DC6C1C /* BitCrusher.swift in Sources */ = {isa = PBXBuildFile; fileRef = C4CC34852504BFEC00DC6C1C /* BitCrusher.swift */; };
		C4CC34B22504BFEF00DC6C1C /* RolandTB303Filter.swift in Sources */ = {isa = PBXBuildFile; fileRef = C4CC34862504BFEC00DC6C1C /* RolandTB303Filter.swift */; };
		C4CC34B32504BFEF00DC6C1C /* ZitaReverb.swift in Sources */ = {isa = PBXBuildFile; fileRef = C4CC34872504BFEC00DC6C1C /* ZitaReverb.swift */; };
		C4CC34B42504BFEF00DC6C1C /* Telephone.swift in Sources */ = {isa = PBXBuildFile; fileRef = C4CC34882504BFEC00DC6C1C /* Telephone.swift */; };
		C4CC34B52504BFEF00DC6C1C /* EqualizerFilter.swift in Sources */ = {isa = PBXBuildFile; fileRef = C4CC34892504BFED00DC6C1C /* EqualizerFilter.swift */; };
		C4CC34B62504BFEF00DC6C1C /* FlatFrequencyResponseReverb.swift in Sources */ = {isa = PBXBuildFile; fileRef = C4CC348A2504BFED00DC6C1C /* FlatFrequencyResponseReverb.swift */; };
		C4CC34B72504BFEF00DC6C1C /* KorgLowPassFilter.swift in Sources */ = {isa = PBXBuildFile; fileRef = C4CC348B2504BFED00DC6C1C /* KorgLowPassFilter.swift */; };
		C4CC34B82504BFEF00DC6C1C /* LowShelfParametricEqualizerFilter.swift in Sources */ = {isa = PBXBuildFile; fileRef = C4CC348C2504BFED00DC6C1C /* LowShelfParametricEqualizerFilter.swift */; };
		C4CC34B92504BFEF00DC6C1C /* ChowningReverb.swift in Sources */ = {isa = PBXBuildFile; fileRef = C4CC348D2504BFED00DC6C1C /* ChowningReverb.swift */; };
		C4CC34BA2504BFEF00DC6C1C /* HighPassButterworthFilter.swift in Sources */ = {isa = PBXBuildFile; fileRef = C4CC348E2504BFED00DC6C1C /* HighPassButterworthFilter.swift */; };
		C4CC34BB2504BFEF00DC6C1C /* FMOscillator.swift in Sources */ = {isa = PBXBuildFile; fileRef = C4CC348F2504BFED00DC6C1C /* FMOscillator.swift */; };
		C4CC34BC2504BFEF00DC6C1C /* BandPassButterworthFilter.swift in Sources */ = {isa = PBXBuildFile; fileRef = C4CC34902504BFED00DC6C1C /* BandPassButterworthFilter.swift */; };
		C4CC34BD2504BFEF00DC6C1C /* DynamicRangeCompressor.swift in Sources */ = {isa = PBXBuildFile; fileRef = C4CC34912504BFED00DC6C1C /* DynamicRangeCompressor.swift */; };
		C4CC34BE2504BFEF00DC6C1C /* FormantFilter.swift in Sources */ = {isa = PBXBuildFile; fileRef = C4CC34922504BFED00DC6C1C /* FormantFilter.swift */; };
		C4CC34BF2504BFEF00DC6C1C /* Drums.swift in Sources */ = {isa = PBXBuildFile; fileRef = C4CC34932504BFED00DC6C1C /* Drums.swift */; };
		C4CC34C02504BFEF00DC6C1C /* LowPassButterworthFilter.swift in Sources */ = {isa = PBXBuildFile; fileRef = C4CC34942504BFED00DC6C1C /* LowPassButterworthFilter.swift */; };
		C4CC34C12504BFEF00DC6C1C /* PhaseDistortionOscillator.swift in Sources */ = {isa = PBXBuildFile; fileRef = C4CC34952504BFED00DC6C1C /* PhaseDistortionOscillator.swift */; };
		C4CC34C22504BFEF00DC6C1C /* NoiseGenerators.swift in Sources */ = {isa = PBXBuildFile; fileRef = C4CC34962504BFEE00DC6C1C /* NoiseGenerators.swift */; };
		C4CC34C32504BFEF00DC6C1C /* Phaser.swift in Sources */ = {isa = PBXBuildFile; fileRef = C4CC34972504BFEE00DC6C1C /* Phaser.swift */; };
		C4CC34C42504BFEF00DC6C1C /* AutoWah.swift in Sources */ = {isa = PBXBuildFile; fileRef = C4CC34982504BFEE00DC6C1C /* AutoWah.swift */; };
		C4CC34C52504BFEF00DC6C1C /* PitchShifter.swift in Sources */ = {isa = PBXBuildFile; fileRef = C4CC34992504BFEE00DC6C1C /* PitchShifter.swift */; };
		C4CC34C62504BFEF00DC6C1C /* MoogLadder.swift in Sources */ = {isa = PBXBuildFile; fileRef = C4CC349A2504BFEE00DC6C1C /* MoogLadder.swift */; };
		C4CC34C72504BFEF00DC6C1C /* TanhDistortion.swift in Sources */ = {isa = PBXBuildFile; fileRef = C4CC349B2504BFEE00DC6C1C /* TanhDistortion.swift */; };
		C4CC34C82504BFEF00DC6C1C /* ThreePoleLowpassFilter.swift in Sources */ = {isa = PBXBuildFile; fileRef = C4CC349C2504BFEE00DC6C1C /* ThreePoleLowpassFilter.swift */; };
		C4CC34C92504BFEF00DC6C1C /* Delay.swift in Sources */ = {isa = PBXBuildFile; fileRef = C4CC349D2504BFEE00DC6C1C /* Delay.swift */; };
		C4CC34CA2504BFEF00DC6C1C /* BandRejectButterworthFilter.swift in Sources */ = {isa = PBXBuildFile; fileRef = C4CC349E2504BFEE00DC6C1C /* BandRejectButterworthFilter.swift */; };
		C4CC34CB2504BFEF00DC6C1C /* Tremolo.swift in Sources */ = {isa = PBXBuildFile; fileRef = C4CC349F2504BFEE00DC6C1C /* Tremolo.swift */; };
		C4CC34CC2504BFEF00DC6C1C /* Tuner.swift in Sources */ = {isa = PBXBuildFile; fileRef = C4CC34A02504BFEF00DC6C1C /* Tuner.swift */; };
		C4CC34CD2504BFEF00DC6C1C /* VocalTract.swift in Sources */ = {isa = PBXBuildFile; fileRef = C4CC34A12504BFEF00DC6C1C /* VocalTract.swift */; };
		C4CC34CF2504CEF100DC6C1C /* CombFilterReverb.swift in Sources */ = {isa = PBXBuildFile; fileRef = C4CC34CE2504CEF100DC6C1C /* CombFilterReverb.swift */; };
		C4DBBAFA251DD00600822BCA /* HighPassFilter.swift in Sources */ = {isa = PBXBuildFile; fileRef = C4DBBAF9251DD00600822BCA /* HighPassFilter.swift */; };
/* End PBXBuildFile section */

/* Begin PBXCopyFilesBuildPhase section */
		C43C769924C4BD3600E2DA97 /* Embed Frameworks */ = {
			isa = PBXCopyFilesBuildPhase;
			buildActionMask = 2147483647;
			dstPath = "";
			dstSubfolderSpec = 10;
			files = (
			);
			name = "Embed Frameworks";
			runOnlyForDeploymentPostprocessing = 0;
		};
/* End PBXCopyFilesBuildPhase section */

/* Begin PBXFileReference section */
		C40B115324FA2FBF008E4C1A /* Samples */ = {isa = PBXFileReference; lastKnownFileType = folder; path = Samples; sourceTree = "<group>"; };
		C40F42CF251DC8B8008B3648 /* VocalTractOperation.swift */ = {isa = PBXFileReference; lastKnownFileType = sourcecode.swift; path = VocalTractOperation.swift; sourceTree = "<group>"; };
		C414F031251DAEFC004F0741 /* AutoPanner.swift */ = {isa = PBXFileReference; lastKnownFileType = sourcecode.swift; path = AutoPanner.swift; sourceTree = "<group>"; };
		C436DF262506D8E900B7B394 /* Sounds */ = {isa = PBXFileReference; lastKnownFileType = folder; path = Sounds; sourceTree = "<group>"; };
		C436DF282506D93700B7B394 /* MusicToy.swift */ = {isa = PBXFileReference; lastKnownFileType = sourcecode.swift; path = MusicToy.swift; sourceTree = "<group>"; };
		C436DF2A2506DD0A00B7B394 /* seqDemo.mid */ = {isa = PBXFileReference; lastKnownFileType = audio.midi; path = seqDemo.mid; sourceTree = "<group>"; };
		C436DF30250731CF00B7B394 /* MIDIMonitor.swift */ = {isa = PBXFileReference; lastKnownFileType = sourcecode.swift; path = MIDIMonitor.swift; sourceTree = "<group>"; };
		C43771B5251005C3008DBC12 /* PhaseLockedVocoder.swift */ = {isa = PBXFileReference; lastKnownFileType = sourcecode.swift; path = PhaseLockedVocoder.swift; sourceTree = "<group>"; };
		C43C764724C4BC1700E2DA97 /* Examples.app */ = {isa = PBXFileReference; explicitFileType = wrapper.application; includeInIndex = 0; path = Examples.app; sourceTree = BUILT_PRODUCTS_DIR; };
		C43C764A24C4BC1700E2DA97 /* AppDelegate.swift */ = {isa = PBXFileReference; lastKnownFileType = sourcecode.swift; path = AppDelegate.swift; sourceTree = "<group>"; };
		C43C764C24C4BC1700E2DA97 /* SceneDelegate.swift */ = {isa = PBXFileReference; lastKnownFileType = sourcecode.swift; path = SceneDelegate.swift; sourceTree = "<group>"; };
		C43C764E24C4BC1700E2DA97 /* ContentView.swift */ = {isa = PBXFileReference; lastKnownFileType = sourcecode.swift; path = ContentView.swift; sourceTree = "<group>"; };
		C43C765024C4BC1800E2DA97 /* Assets.xcassets */ = {isa = PBXFileReference; lastKnownFileType = folder.assetcatalog; path = Assets.xcassets; sourceTree = "<group>"; };
		C43C765324C4BC1800E2DA97 /* Preview Assets.xcassets */ = {isa = PBXFileReference; lastKnownFileType = folder.assetcatalog; path = "Preview Assets.xcassets"; sourceTree = "<group>"; };
		C43C765624C4BC1800E2DA97 /* Base */ = {isa = PBXFileReference; lastKnownFileType = file.storyboard; name = Base; path = Base.lproj/LaunchScreen.storyboard; sourceTree = "<group>"; };
		C43C765824C4BC1800E2DA97 /* Info.plist */ = {isa = PBXFileReference; lastKnownFileType = text.plist.xml; path = Info.plist; sourceTree = "<group>"; };
		C43C778124C4D16100E2DA97 /* Examples.entitlements */ = {isa = PBXFileReference; lastKnownFileType = text.plist.entitlements; path = Examples.entitlements; sourceTree = "<group>"; };
		C44DA0DB250D69EF001F0BDC /* ADSRView.swift */ = {isa = PBXFileReference; lastKnownFileType = sourcecode.swift; path = ADSRView.swift; sourceTree = "<group>"; };
		C44DA0DD250D6A62001F0BDC /* PlayerControls.swift */ = {isa = PBXFileReference; lastKnownFileType = sourcecode.swift; path = PlayerControls.swift; sourceTree = "<group>"; };
		C467CCC1250C2B23002EB3A4 /* Drums2.swift */ = {isa = PBXFileReference; lastKnownFileType = sourcecode.swift; path = Drums2.swift; sourceTree = "<group>"; };
		C47E7AA624FE3CD0001F6F98 /* PlotView.swift */ = {isa = PBXFileReference; lastKnownFileType = sourcecode.swift; path = PlotView.swift; sourceTree = "<group>"; };
		C47E7AAB24FE4987001F6F98 /* TelephoneView.swift */ = {isa = PBXFileReference; fileEncoding = 4; lastKnownFileType = sourcecode.swift; path = TelephoneView.swift; sourceTree = "<group>"; };
		C4B680D824FE283A00F27146 /* KeyboardView.swift */ = {isa = PBXFileReference; lastKnownFileType = sourcecode.swift; path = KeyboardView.swift; sourceTree = "<group>"; };
		C4B680DA24FE294900F27146 /* ParameterSlider.swift */ = {isa = PBXFileReference; lastKnownFileType = sourcecode.swift; path = ParameterSlider.swift; sourceTree = "<group>"; };
		C4C84996250784F500ACB2DC /* Recorder.swift */ = {isa = PBXFileReference; lastKnownFileType = sourcecode.swift; path = Recorder.swift; sourceTree = "<group>"; };
		C4CC34762504BFEC00DC6C1C /* HighShelfParametricEqualizerFilter.swift */ = {isa = PBXFileReference; fileEncoding = 4; lastKnownFileType = sourcecode.swift; path = HighShelfParametricEqualizerFilter.swift; sourceTree = "<group>"; };
		C4CC34772504BFEC00DC6C1C /* ResonantFilter.swift */ = {isa = PBXFileReference; fileEncoding = 4; lastKnownFileType = sourcecode.swift; path = ResonantFilter.swift; sourceTree = "<group>"; };
		C4CC34782504BFEC00DC6C1C /* ToneComplementFilter.swift */ = {isa = PBXFileReference; fileEncoding = 4; lastKnownFileType = sourcecode.swift; path = ToneComplementFilter.swift; sourceTree = "<group>"; };
		C4CC34792504BFEC00DC6C1C /* PeakingParametricEqualizerFilter.swift */ = {isa = PBXFileReference; fileEncoding = 4; lastKnownFileType = sourcecode.swift; path = PeakingParametricEqualizerFilter.swift; sourceTree = "<group>"; };
		C4CC347A2504BFEC00DC6C1C /* MorphingOscillator.swift */ = {isa = PBXFileReference; fileEncoding = 4; lastKnownFileType = sourcecode.swift; path = MorphingOscillator.swift; sourceTree = "<group>"; };
		C4CC347B2504BFEC00DC6C1C /* Oscillator.swift */ = {isa = PBXFileReference; fileEncoding = 4; lastKnownFileType = sourcecode.swift; path = Oscillator.swift; sourceTree = "<group>"; };
		C4CC347C2504BFEC00DC6C1C /* AmplitudeEnvelope.swift */ = {isa = PBXFileReference; fileEncoding = 4; lastKnownFileType = sourcecode.swift; path = AmplitudeEnvelope.swift; sourceTree = "<group>"; };
		C4CC347D2504BFEC00DC6C1C /* Clipper.swift */ = {isa = PBXFileReference; fileEncoding = 4; lastKnownFileType = sourcecode.swift; path = Clipper.swift; sourceTree = "<group>"; };
		C4CC347E2504BFEC00DC6C1C /* Panner.swift */ = {isa = PBXFileReference; fileEncoding = 4; lastKnownFileType = sourcecode.swift; path = Panner.swift; sourceTree = "<group>"; };
		C4CC347F2504BFEC00DC6C1C /* PWMOscillator.swift */ = {isa = PBXFileReference; fileEncoding = 4; lastKnownFileType = sourcecode.swift; path = PWMOscillator.swift; sourceTree = "<group>"; };
		C4CC34802504BFEC00DC6C1C /* ToneFilter.swift */ = {isa = PBXFileReference; fileEncoding = 4; lastKnownFileType = sourcecode.swift; path = ToneFilter.swift; sourceTree = "<group>"; };
		C4CC34812504BFEC00DC6C1C /* CostelloReverb.swift */ = {isa = PBXFileReference; fileEncoding = 4; lastKnownFileType = sourcecode.swift; path = CostelloReverb.swift; sourceTree = "<group>"; };
		C4CC34822504BFEC00DC6C1C /* VariableDelay.swift */ = {isa = PBXFileReference; fileEncoding = 4; lastKnownFileType = sourcecode.swift; path = VariableDelay.swift; sourceTree = "<group>"; };
		C4CC34832504BFEC00DC6C1C /* ModalResonanceFilter.swift */ = {isa = PBXFileReference; fileEncoding = 4; lastKnownFileType = sourcecode.swift; path = ModalResonanceFilter.swift; sourceTree = "<group>"; };
		C4CC34842504BFEC00DC6C1C /* StringResonator.swift */ = {isa = PBXFileReference; fileEncoding = 4; lastKnownFileType = sourcecode.swift; path = StringResonator.swift; sourceTree = "<group>"; };
		C4CC34852504BFEC00DC6C1C /* BitCrusher.swift */ = {isa = PBXFileReference; fileEncoding = 4; lastKnownFileType = sourcecode.swift; path = BitCrusher.swift; sourceTree = "<group>"; };
		C4CC34862504BFEC00DC6C1C /* RolandTB303Filter.swift */ = {isa = PBXFileReference; fileEncoding = 4; lastKnownFileType = sourcecode.swift; path = RolandTB303Filter.swift; sourceTree = "<group>"; };
		C4CC34872504BFEC00DC6C1C /* ZitaReverb.swift */ = {isa = PBXFileReference; fileEncoding = 4; lastKnownFileType = sourcecode.swift; path = ZitaReverb.swift; sourceTree = "<group>"; };
		C4CC34882504BFEC00DC6C1C /* Telephone.swift */ = {isa = PBXFileReference; fileEncoding = 4; lastKnownFileType = sourcecode.swift; path = Telephone.swift; sourceTree = "<group>"; };
		C4CC34892504BFED00DC6C1C /* EqualizerFilter.swift */ = {isa = PBXFileReference; fileEncoding = 4; lastKnownFileType = sourcecode.swift; path = EqualizerFilter.swift; sourceTree = "<group>"; };
		C4CC348A2504BFED00DC6C1C /* FlatFrequencyResponseReverb.swift */ = {isa = PBXFileReference; fileEncoding = 4; lastKnownFileType = sourcecode.swift; path = FlatFrequencyResponseReverb.swift; sourceTree = "<group>"; };
		C4CC348B2504BFED00DC6C1C /* KorgLowPassFilter.swift */ = {isa = PBXFileReference; fileEncoding = 4; lastKnownFileType = sourcecode.swift; path = KorgLowPassFilter.swift; sourceTree = "<group>"; };
		C4CC348C2504BFED00DC6C1C /* LowShelfParametricEqualizerFilter.swift */ = {isa = PBXFileReference; fileEncoding = 4; lastKnownFileType = sourcecode.swift; path = LowShelfParametricEqualizerFilter.swift; sourceTree = "<group>"; };
		C4CC348D2504BFED00DC6C1C /* ChowningReverb.swift */ = {isa = PBXFileReference; fileEncoding = 4; lastKnownFileType = sourcecode.swift; path = ChowningReverb.swift; sourceTree = "<group>"; };
		C4CC348E2504BFED00DC6C1C /* HighPassButterworthFilter.swift */ = {isa = PBXFileReference; fileEncoding = 4; lastKnownFileType = sourcecode.swift; path = HighPassButterworthFilter.swift; sourceTree = "<group>"; };
		C4CC348F2504BFED00DC6C1C /* FMOscillator.swift */ = {isa = PBXFileReference; fileEncoding = 4; lastKnownFileType = sourcecode.swift; path = FMOscillator.swift; sourceTree = "<group>"; };
		C4CC34902504BFED00DC6C1C /* BandPassButterworthFilter.swift */ = {isa = PBXFileReference; fileEncoding = 4; lastKnownFileType = sourcecode.swift; path = BandPassButterworthFilter.swift; sourceTree = "<group>"; };
		C4CC34912504BFED00DC6C1C /* DynamicRangeCompressor.swift */ = {isa = PBXFileReference; fileEncoding = 4; lastKnownFileType = sourcecode.swift; path = DynamicRangeCompressor.swift; sourceTree = "<group>"; };
		C4CC34922504BFED00DC6C1C /* FormantFilter.swift */ = {isa = PBXFileReference; fileEncoding = 4; lastKnownFileType = sourcecode.swift; path = FormantFilter.swift; sourceTree = "<group>"; };
		C4CC34932504BFED00DC6C1C /* Drums.swift */ = {isa = PBXFileReference; fileEncoding = 4; lastKnownFileType = sourcecode.swift; path = Drums.swift; sourceTree = "<group>"; };
		C4CC34942504BFED00DC6C1C /* LowPassButterworthFilter.swift */ = {isa = PBXFileReference; fileEncoding = 4; lastKnownFileType = sourcecode.swift; path = LowPassButterworthFilter.swift; sourceTree = "<group>"; };
		C4CC34952504BFED00DC6C1C /* PhaseDistortionOscillator.swift */ = {isa = PBXFileReference; fileEncoding = 4; lastKnownFileType = sourcecode.swift; path = PhaseDistortionOscillator.swift; sourceTree = "<group>"; };
		C4CC34962504BFEE00DC6C1C /* NoiseGenerators.swift */ = {isa = PBXFileReference; fileEncoding = 4; lastKnownFileType = sourcecode.swift; path = NoiseGenerators.swift; sourceTree = "<group>"; };
		C4CC34972504BFEE00DC6C1C /* Phaser.swift */ = {isa = PBXFileReference; fileEncoding = 4; lastKnownFileType = sourcecode.swift; path = Phaser.swift; sourceTree = "<group>"; };
		C4CC34982504BFEE00DC6C1C /* AutoWah.swift */ = {isa = PBXFileReference; fileEncoding = 4; lastKnownFileType = sourcecode.swift; path = AutoWah.swift; sourceTree = "<group>"; };
		C4CC34992504BFEE00DC6C1C /* PitchShifter.swift */ = {isa = PBXFileReference; fileEncoding = 4; lastKnownFileType = sourcecode.swift; path = PitchShifter.swift; sourceTree = "<group>"; };
		C4CC349A2504BFEE00DC6C1C /* MoogLadder.swift */ = {isa = PBXFileReference; fileEncoding = 4; lastKnownFileType = sourcecode.swift; path = MoogLadder.swift; sourceTree = "<group>"; };
		C4CC349B2504BFEE00DC6C1C /* TanhDistortion.swift */ = {isa = PBXFileReference; fileEncoding = 4; lastKnownFileType = sourcecode.swift; path = TanhDistortion.swift; sourceTree = "<group>"; };
		C4CC349C2504BFEE00DC6C1C /* ThreePoleLowpassFilter.swift */ = {isa = PBXFileReference; fileEncoding = 4; lastKnownFileType = sourcecode.swift; path = ThreePoleLowpassFilter.swift; sourceTree = "<group>"; };
		C4CC349D2504BFEE00DC6C1C /* Delay.swift */ = {isa = PBXFileReference; fileEncoding = 4; lastKnownFileType = sourcecode.swift; path = Delay.swift; sourceTree = "<group>"; };
		C4CC349E2504BFEE00DC6C1C /* BandRejectButterworthFilter.swift */ = {isa = PBXFileReference; fileEncoding = 4; lastKnownFileType = sourcecode.swift; path = BandRejectButterworthFilter.swift; sourceTree = "<group>"; };
		C4CC349F2504BFEE00DC6C1C /* Tremolo.swift */ = {isa = PBXFileReference; fileEncoding = 4; lastKnownFileType = sourcecode.swift; path = Tremolo.swift; sourceTree = "<group>"; };
		C4CC34A02504BFEF00DC6C1C /* Tuner.swift */ = {isa = PBXFileReference; fileEncoding = 4; lastKnownFileType = sourcecode.swift; path = Tuner.swift; sourceTree = "<group>"; };
		C4CC34A12504BFEF00DC6C1C /* VocalTract.swift */ = {isa = PBXFileReference; fileEncoding = 4; lastKnownFileType = sourcecode.swift; path = VocalTract.swift; sourceTree = "<group>"; };
		C4CC34CE2504CEF100DC6C1C /* CombFilterReverb.swift */ = {isa = PBXFileReference; fileEncoding = 4; lastKnownFileType = sourcecode.swift; path = CombFilterReverb.swift; sourceTree = "<group>"; };
		C4DBBAF9251DD00600822BCA /* HighPassFilter.swift */ = {isa = PBXFileReference; lastKnownFileType = sourcecode.swift; path = HighPassFilter.swift; sourceTree = "<group>"; };
/* End PBXFileReference section */

/* Begin PBXFrameworksBuildPhase section */
		C43C764424C4BC1700E2DA97 /* Frameworks */ = {
			isa = PBXFrameworksBuildPhase;
			buildActionMask = 2147483647;
			files = (
				C44ADB2824EC60710045963E /* AudioKit in Frameworks */,
				C43771B92510BB4E008DBC12 /* Sliders in Frameworks */,
			);
			runOnlyForDeploymentPostprocessing = 0;
		};
/* End PBXFrameworksBuildPhase section */

/* Begin PBXGroup section */
		C4159E7324C9037500354526 /* Views */ = {
			isa = PBXGroup;
			children = (
				C4CC347C2504BFEC00DC6C1C /* AmplitudeEnvelope.swift */,
				C414F031251DAEFC004F0741 /* AutoPanner.swift */,
				C4CC34982504BFEE00DC6C1C /* AutoWah.swift */,
				C4CC34902504BFED00DC6C1C /* BandPassButterworthFilter.swift */,
				C4CC349E2504BFEE00DC6C1C /* BandRejectButterworthFilter.swift */,
				C4CC34852504BFEC00DC6C1C /* BitCrusher.swift */,
				C4CC348D2504BFED00DC6C1C /* ChowningReverb.swift */,
				C4CC347D2504BFEC00DC6C1C /* Clipper.swift */,
				C4CC34CE2504CEF100DC6C1C /* CombFilterReverb.swift */,
				C4CC34812504BFEC00DC6C1C /* CostelloReverb.swift */,
				C4CC349D2504BFEE00DC6C1C /* Delay.swift */,
				C4CC34932504BFED00DC6C1C /* Drums.swift */,
				C467CCC1250C2B23002EB3A4 /* Drums2.swift */,
				C4CC34912504BFED00DC6C1C /* DynamicRangeCompressor.swift */,
				C4CC34892504BFED00DC6C1C /* EqualizerFilter.swift */,
				C4CC348A2504BFED00DC6C1C /* FlatFrequencyResponseReverb.swift */,
				C4CC348F2504BFED00DC6C1C /* FMOscillator.swift */,
				C4CC34922504BFED00DC6C1C /* FormantFilter.swift */,
				C4CC348E2504BFED00DC6C1C /* HighPassButterworthFilter.swift */,
				C4DBBAF9251DD00600822BCA /* HighPassFilter.swift */,
				C4CC34762504BFEC00DC6C1C /* HighShelfParametricEqualizerFilter.swift */,
				C4CC348B2504BFED00DC6C1C /* KorgLowPassFilter.swift */,
				C4CC34942504BFED00DC6C1C /* LowPassButterworthFilter.swift */,
				C4CC348C2504BFED00DC6C1C /* LowShelfParametricEqualizerFilter.swift */,
				C436DF30250731CF00B7B394 /* MIDIMonitor.swift */,
				C4CC34832504BFEC00DC6C1C /* ModalResonanceFilter.swift */,
				C4CC349A2504BFEE00DC6C1C /* MoogLadder.swift */,
				C4CC347A2504BFEC00DC6C1C /* MorphingOscillator.swift */,
				C436DF282506D93700B7B394 /* MusicToy.swift */,
				C4CC34962504BFEE00DC6C1C /* NoiseGenerators.swift */,
				C4CC347B2504BFEC00DC6C1C /* Oscillator.swift */,
				C4CC347E2504BFEC00DC6C1C /* Panner.swift */,
				C4CC34792504BFEC00DC6C1C /* PeakingParametricEqualizerFilter.swift */,
				C4CC34952504BFED00DC6C1C /* PhaseDistortionOscillator.swift */,
				C43771B5251005C3008DBC12 /* PhaseLockedVocoder.swift */,
				C4CC34972504BFEE00DC6C1C /* Phaser.swift */,
				C4CC34992504BFEE00DC6C1C /* PitchShifter.swift */,
				C4CC347F2504BFEC00DC6C1C /* PWMOscillator.swift */,
				C4C84996250784F500ACB2DC /* Recorder.swift */,
				C4CC34772504BFEC00DC6C1C /* ResonantFilter.swift */,
				C4CC34862504BFEC00DC6C1C /* RolandTB303Filter.swift */,
				C4CC34842504BFEC00DC6C1C /* StringResonator.swift */,
				C4CC349B2504BFEE00DC6C1C /* TanhDistortion.swift */,
				C4CC34882504BFEC00DC6C1C /* Telephone.swift */,
				C4CC349C2504BFEE00DC6C1C /* ThreePoleLowpassFilter.swift */,
				C4CC34782504BFEC00DC6C1C /* ToneComplementFilter.swift */,
				C4CC34802504BFEC00DC6C1C /* ToneFilter.swift */,
				C4CC349F2504BFEE00DC6C1C /* Tremolo.swift */,
				C4CC34A02504BFEF00DC6C1C /* Tuner.swift */,
				C4CC34822504BFEC00DC6C1C /* VariableDelay.swift */,
				C4CC34A12504BFEF00DC6C1C /* VocalTract.swift */,
				C40F42CF251DC8B8008B3648 /* VocalTractOperation.swift */,
				C4CC34872504BFEC00DC6C1C /* ZitaReverb.swift */,
			);
			path = Views;
			sourceTree = "<group>";
		};
		C43C763E24C4BC1700E2DA97 = {
			isa = PBXGroup;
			children = (
				C43C764924C4BC1700E2DA97 /* Examples */,
				C43C764824C4BC1700E2DA97 /* Products */,
				C43C769624C4BD3600E2DA97 /* Frameworks */,
			);
			sourceTree = "<group>";
		};
		C43C764824C4BC1700E2DA97 /* Products */ = {
			isa = PBXGroup;
			children = (
				C43C764724C4BC1700E2DA97 /* Examples.app */,
			);
			name = Products;
			sourceTree = "<group>";
		};
		C43C764924C4BC1700E2DA97 /* Examples */ = {
			isa = PBXGroup;
			children = (
				C43C778124C4D16100E2DA97 /* Examples.entitlements */,
				C43C764A24C4BC1700E2DA97 /* AppDelegate.swift */,
				C436DF2A2506DD0A00B7B394 /* seqDemo.mid */,
				C436DF262506D8E900B7B394 /* Sounds */,
				C43C764C24C4BC1700E2DA97 /* SceneDelegate.swift */,
				C40B115324FA2FBF008E4C1A /* Samples */,
				C43C764E24C4BC1700E2DA97 /* ContentView.swift */,
				C47E7AA824FE3EC5001F6F98 /* Widgets */,
				C4159E7324C9037500354526 /* Views */,
				C43C765024C4BC1800E2DA97 /* Assets.xcassets */,
				C43C765524C4BC1800E2DA97 /* LaunchScreen.storyboard */,
				C43C765824C4BC1800E2DA97 /* Info.plist */,
				C43C765224C4BC1800E2DA97 /* Preview Content */,
			);
			path = Examples;
			sourceTree = "<group>";
		};
		C43C765224C4BC1800E2DA97 /* Preview Content */ = {
			isa = PBXGroup;
			children = (
				C43C765324C4BC1800E2DA97 /* Preview Assets.xcassets */,
			);
			path = "Preview Content";
			sourceTree = "<group>";
		};
		C43C769624C4BD3600E2DA97 /* Frameworks */ = {
			isa = PBXGroup;
			children = (
			);
			name = Frameworks;
			sourceTree = "<group>";
		};
		C47E7AA824FE3EC5001F6F98 /* Widgets */ = {
			isa = PBXGroup;
			children = (
				C47E7AA624FE3CD0001F6F98 /* PlotView.swift */,
				C44DA0DB250D69EF001F0BDC /* ADSRView.swift */,
				C44DA0DD250D6A62001F0BDC /* PlayerControls.swift */,
				C4B680DA24FE294900F27146 /* ParameterSlider.swift */,
				C47E7AAB24FE4987001F6F98 /* TelephoneView.swift */,
				C4B680D824FE283A00F27146 /* KeyboardView.swift */,
			);
			path = Widgets;
			sourceTree = "<group>";
		};
/* End PBXGroup section */

/* Begin PBXNativeTarget section */
		C43C764624C4BC1700E2DA97 /* Examples */ = {
			isa = PBXNativeTarget;
			buildConfigurationList = C43C766624C4BC1800E2DA97 /* Build configuration list for PBXNativeTarget "Examples" */;
			buildPhases = (
				C43C764324C4BC1700E2DA97 /* Sources */,
				C43C764424C4BC1700E2DA97 /* Frameworks */,
				C43C764524C4BC1700E2DA97 /* Resources */,
				C43C769924C4BD3600E2DA97 /* Embed Frameworks */,
			);
			buildRules = (
			);
			dependencies = (
			);
			name = Examples;
			packageProductDependencies = (
				C44ADB2724EC60710045963E /* AudioKit */,
				C43771B82510BB4E008DBC12 /* Sliders */,
			);
			productName = Examples;
			productReference = C43C764724C4BC1700E2DA97 /* Examples.app */;
			productType = "com.apple.product-type.application";
		};
/* End PBXNativeTarget section */

/* Begin PBXProject section */
		C43C763F24C4BC1700E2DA97 /* Project object */ = {
			isa = PBXProject;
			attributes = {
				LastSwiftUpdateCheck = 1160;
				LastUpgradeCheck = 1160;
				ORGANIZATIONNAME = AudioKit;
				TargetAttributes = {
					C43C764624C4BC1700E2DA97 = {
						CreatedOnToolsVersion = 11.6;
					};
				};
			};
			buildConfigurationList = C43C764224C4BC1700E2DA97 /* Build configuration list for PBXProject "Examples" */;
			compatibilityVersion = "Xcode 9.3";
			developmentRegion = en;
			hasScannedForEncodings = 0;
			knownRegions = (
				en,
				Base,
			);
			mainGroup = C43C763E24C4BC1700E2DA97;
			packageReferences = (
				C44ADB2624EC60710045963E /* XCRemoteSwiftPackageReference "AudioKit" */,
				C43771B72510BB4E008DBC12 /* XCRemoteSwiftPackageReference "swiftui-sliders" */,
			);
			productRefGroup = C43C764824C4BC1700E2DA97 /* Products */;
			projectDirPath = "";
			projectRoot = "";
			targets = (
				C43C764624C4BC1700E2DA97 /* Examples */,
			);
		};
/* End PBXProject section */

/* Begin PBXResourcesBuildPhase section */
		C43C764524C4BC1700E2DA97 /* Resources */ = {
			isa = PBXResourcesBuildPhase;
			buildActionMask = 2147483647;
			files = (
				C436DF272506D8E900B7B394 /* Sounds in Resources */,
				C436DF2B2506DD0B00B7B394 /* seqDemo.mid in Resources */,
				C40B115424FA2FBF008E4C1A /* Samples in Resources */,
				C43C765724C4BC1800E2DA97 /* LaunchScreen.storyboard in Resources */,
				C43C765424C4BC1800E2DA97 /* Preview Assets.xcassets in Resources */,
				C43C765124C4BC1800E2DA97 /* Assets.xcassets in Resources */,
			);
			runOnlyForDeploymentPostprocessing = 0;
		};
/* End PBXResourcesBuildPhase section */

/* Begin PBXSourcesBuildPhase section */
		C43C764324C4BC1700E2DA97 /* Sources */ = {
			isa = PBXSourcesBuildPhase;
			buildActionMask = 2147483647;
			files = (
				C4CC34A52504BFEF00DC6C1C /* PeakingParametricEqualizerFilter.swift in Sources */,
				C4CC34BA2504BFEF00DC6C1C /* HighPassButterworthFilter.swift in Sources */,
				C4DBBAFA251DD00600822BCA /* HighPassFilter.swift in Sources */,
				C4CC34C12504BFEF00DC6C1C /* PhaseDistortionOscillator.swift in Sources */,
				C47E7AA724FE3CD0001F6F98 /* PlotView.swift in Sources */,
				C4CC34B42504BFEF00DC6C1C /* Telephone.swift in Sources */,
				C4CC34C62504BFEF00DC6C1C /* MoogLadder.swift in Sources */,
				C4CC34A42504BFEF00DC6C1C /* ToneComplementFilter.swift in Sources */,
				C4CC34B32504BFEF00DC6C1C /* ZitaReverb.swift in Sources */,
				C4CC34AF2504BFEF00DC6C1C /* ModalResonanceFilter.swift in Sources */,
				C4CC34C72504BFEF00DC6C1C /* TanhDistortion.swift in Sources */,
				C44DA0DE250D6A62001F0BDC /* PlayerControls.swift in Sources */,
				C4CC34CA2504BFEF00DC6C1C /* BandRejectButterworthFilter.swift in Sources */,
				C414F032251DAEFC004F0741 /* AutoPanner.swift in Sources */,
				C4CC34B02504BFEF00DC6C1C /* StringResonator.swift in Sources */,
				C43C764B24C4BC1700E2DA97 /* AppDelegate.swift in Sources */,
				C43C764D24C4BC1700E2DA97 /* SceneDelegate.swift in Sources */,
				C4CC34CF2504CEF100DC6C1C /* CombFilterReverb.swift in Sources */,
				C4CC34C42504BFEF00DC6C1C /* AutoWah.swift in Sources */,
				C4CC34B92504BFEF00DC6C1C /* ChowningReverb.swift in Sources */,
				C4CC34BE2504BFEF00DC6C1C /* FormantFilter.swift in Sources */,
				C4CC34A82504BFEF00DC6C1C /* AmplitudeEnvelope.swift in Sources */,
				C4CC34B82504BFEF00DC6C1C /* LowShelfParametricEqualizerFilter.swift in Sources */,
				C4CC34C02504BFEF00DC6C1C /* LowPassButterworthFilter.swift in Sources */,
				C4CC34C22504BFEF00DC6C1C /* NoiseGenerators.swift in Sources */,
				C4CC34C82504BFEF00DC6C1C /* ThreePoleLowpassFilter.swift in Sources */,
				C47E7AAC24FE4987001F6F98 /* TelephoneView.swift in Sources */,
				C4CC34AE2504BFEF00DC6C1C /* VariableDelay.swift in Sources */,
				C40F42D0251DC8B8008B3648 /* VocalTractOperation.swift in Sources */,
				C4C84997250784F500ACB2DC /* Recorder.swift in Sources */,
				C4CC34C92504BFEF00DC6C1C /* Delay.swift in Sources */,
				C4CC34BF2504BFEF00DC6C1C /* Drums.swift in Sources */,
				C4CC34A32504BFEF00DC6C1C /* ResonantFilter.swift in Sources */,
				C44DA0DC250D69EF001F0BDC /* ADSRView.swift in Sources */,
				C4CC34BC2504BFEF00DC6C1C /* BandPassButterworthFilter.swift in Sources */,
				C4CC34AB2504BFEF00DC6C1C /* PWMOscillator.swift in Sources */,
				C4CC34B22504BFEF00DC6C1C /* RolandTB303Filter.swift in Sources */,
				C43771B6251005C3008DBC12 /* PhaseLockedVocoder.swift in Sources */,
				C4CC34AC2504BFEF00DC6C1C /* ToneFilter.swift in Sources */,
				C4CC34A92504BFEF00DC6C1C /* Clipper.swift in Sources */,
				C4CC34B52504BFEF00DC6C1C /* EqualizerFilter.swift in Sources */,
				C4CC34A62504BFEF00DC6C1C /* MorphingOscillator.swift in Sources */,
				C4B680DB24FE294900F27146 /* ParameterSlider.swift in Sources */,
				C4CC34C52504BFEF00DC6C1C /* PitchShifter.swift in Sources */,
				C4CC34C32504BFEF00DC6C1C /* Phaser.swift in Sources */,
				C4CC34CB2504BFEF00DC6C1C /* Tremolo.swift in Sources */,
				C4CC34CC2504BFEF00DC6C1C /* Tuner.swift in Sources */,
				C4CC34B12504BFEF00DC6C1C /* BitCrusher.swift in Sources */,
				C436DF292506D93700B7B394 /* MusicToy.swift in Sources */,
				C4CC34AA2504BFEF00DC6C1C /* Panner.swift in Sources */,
				C436DF31250731CF00B7B394 /* MIDIMonitor.swift in Sources */,
				C4CC34B62504BFEF00DC6C1C /* FlatFrequencyResponseReverb.swift in Sources */,
				C4CC34BD2504BFEF00DC6C1C /* DynamicRangeCompressor.swift in Sources */,
				C4CC34BB2504BFEF00DC6C1C /* FMOscillator.swift in Sources */,
				C4CC34A22504BFEF00DC6C1C /* HighShelfParametricEqualizerFilter.swift in Sources */,
				C4CC34A72504BFEF00DC6C1C /* Oscillator.swift in Sources */,
				C4CC34CD2504BFEF00DC6C1C /* VocalTract.swift in Sources */,
				C4B680D924FE283A00F27146 /* KeyboardView.swift in Sources */,
				C467CCC2250C2B23002EB3A4 /* Drums2.swift in Sources */,
				C4CC34AD2504BFEF00DC6C1C /* CostelloReverb.swift in Sources */,
				C43C764F24C4BC1700E2DA97 /* ContentView.swift in Sources */,
				C4CC34B72504BFEF00DC6C1C /* KorgLowPassFilter.swift in Sources */,
			);
			runOnlyForDeploymentPostprocessing = 0;
		};
/* End PBXSourcesBuildPhase section */

/* Begin PBXVariantGroup section */
		C43C765524C4BC1800E2DA97 /* LaunchScreen.storyboard */ = {
			isa = PBXVariantGroup;
			children = (
				C43C765624C4BC1800E2DA97 /* Base */,
			);
			name = LaunchScreen.storyboard;
			sourceTree = "<group>";
		};
/* End PBXVariantGroup section */

/* Begin XCBuildConfiguration section */
		C43C766424C4BC1800E2DA97 /* Debug */ = {
			isa = XCBuildConfiguration;
			buildSettings = {
				ALWAYS_SEARCH_USER_PATHS = NO;
				CLANG_ANALYZER_NONNULL = YES;
				CLANG_ANALYZER_NUMBER_OBJECT_CONVERSION = YES_AGGRESSIVE;
				CLANG_CXX_LANGUAGE_STANDARD = "gnu++14";
				CLANG_CXX_LIBRARY = "libc++";
				CLANG_ENABLE_MODULES = YES;
				CLANG_ENABLE_OBJC_ARC = YES;
				CLANG_ENABLE_OBJC_WEAK = YES;
				CLANG_WARN_BLOCK_CAPTURE_AUTORELEASING = YES;
				CLANG_WARN_BOOL_CONVERSION = YES;
				CLANG_WARN_COMMA = YES;
				CLANG_WARN_CONSTANT_CONVERSION = YES;
				CLANG_WARN_DEPRECATED_OBJC_IMPLEMENTATIONS = YES;
				CLANG_WARN_DIRECT_OBJC_ISA_USAGE = YES_ERROR;
				CLANG_WARN_DOCUMENTATION_COMMENTS = YES;
				CLANG_WARN_EMPTY_BODY = YES;
				CLANG_WARN_ENUM_CONVERSION = YES;
				CLANG_WARN_INFINITE_RECURSION = YES;
				CLANG_WARN_INT_CONVERSION = YES;
				CLANG_WARN_NON_LITERAL_NULL_CONVERSION = YES;
				CLANG_WARN_OBJC_IMPLICIT_RETAIN_SELF = YES;
				CLANG_WARN_OBJC_LITERAL_CONVERSION = YES;
				CLANG_WARN_OBJC_ROOT_CLASS = YES_ERROR;
				CLANG_WARN_RANGE_LOOP_ANALYSIS = YES;
				CLANG_WARN_STRICT_PROTOTYPES = YES;
				CLANG_WARN_SUSPICIOUS_MOVE = YES;
				CLANG_WARN_UNGUARDED_AVAILABILITY = YES_AGGRESSIVE;
				CLANG_WARN_UNREACHABLE_CODE = YES;
				CLANG_WARN__DUPLICATE_METHOD_MATCH = YES;
				COPY_PHASE_STRIP = NO;
				DEBUG_INFORMATION_FORMAT = dwarf;
				ENABLE_STRICT_OBJC_MSGSEND = YES;
				ENABLE_TESTABILITY = YES;
				GCC_C_LANGUAGE_STANDARD = gnu11;
				GCC_DYNAMIC_NO_PIC = NO;
				GCC_NO_COMMON_BLOCKS = YES;
				GCC_OPTIMIZATION_LEVEL = 0;
				GCC_PREPROCESSOR_DEFINITIONS = (
					"DEBUG=1",
					"$(inherited)",
				);
				GCC_WARN_64_TO_32_BIT_CONVERSION = YES;
				GCC_WARN_ABOUT_RETURN_TYPE = YES_ERROR;
				GCC_WARN_UNDECLARED_SELECTOR = YES;
				GCC_WARN_UNINITIALIZED_AUTOS = YES_AGGRESSIVE;
				GCC_WARN_UNUSED_FUNCTION = YES;
				GCC_WARN_UNUSED_VARIABLE = YES;
				IPHONEOS_DEPLOYMENT_TARGET = 13.6;
				MTL_ENABLE_DEBUG_INFO = INCLUDE_SOURCE;
				MTL_FAST_MATH = YES;
				ONLY_ACTIVE_ARCH = YES;
				SDKROOT = iphoneos;
				SWIFT_ACTIVE_COMPILATION_CONDITIONS = DEBUG;
				SWIFT_OPTIMIZATION_LEVEL = "-Onone";
			};
			name = Debug;
		};
		C43C766524C4BC1800E2DA97 /* Release */ = {
			isa = XCBuildConfiguration;
			buildSettings = {
				ALWAYS_SEARCH_USER_PATHS = NO;
				CLANG_ANALYZER_NONNULL = YES;
				CLANG_ANALYZER_NUMBER_OBJECT_CONVERSION = YES_AGGRESSIVE;
				CLANG_CXX_LANGUAGE_STANDARD = "gnu++14";
				CLANG_CXX_LIBRARY = "libc++";
				CLANG_ENABLE_MODULES = YES;
				CLANG_ENABLE_OBJC_ARC = YES;
				CLANG_ENABLE_OBJC_WEAK = YES;
				CLANG_WARN_BLOCK_CAPTURE_AUTORELEASING = YES;
				CLANG_WARN_BOOL_CONVERSION = YES;
				CLANG_WARN_COMMA = YES;
				CLANG_WARN_CONSTANT_CONVERSION = YES;
				CLANG_WARN_DEPRECATED_OBJC_IMPLEMENTATIONS = YES;
				CLANG_WARN_DIRECT_OBJC_ISA_USAGE = YES_ERROR;
				CLANG_WARN_DOCUMENTATION_COMMENTS = YES;
				CLANG_WARN_EMPTY_BODY = YES;
				CLANG_WARN_ENUM_CONVERSION = YES;
				CLANG_WARN_INFINITE_RECURSION = YES;
				CLANG_WARN_INT_CONVERSION = YES;
				CLANG_WARN_NON_LITERAL_NULL_CONVERSION = YES;
				CLANG_WARN_OBJC_IMPLICIT_RETAIN_SELF = YES;
				CLANG_WARN_OBJC_LITERAL_CONVERSION = YES;
				CLANG_WARN_OBJC_ROOT_CLASS = YES_ERROR;
				CLANG_WARN_RANGE_LOOP_ANALYSIS = YES;
				CLANG_WARN_STRICT_PROTOTYPES = YES;
				CLANG_WARN_SUSPICIOUS_MOVE = YES;
				CLANG_WARN_UNGUARDED_AVAILABILITY = YES_AGGRESSIVE;
				CLANG_WARN_UNREACHABLE_CODE = YES;
				CLANG_WARN__DUPLICATE_METHOD_MATCH = YES;
				COPY_PHASE_STRIP = NO;
				DEBUG_INFORMATION_FORMAT = "dwarf-with-dsym";
				ENABLE_NS_ASSERTIONS = NO;
				ENABLE_STRICT_OBJC_MSGSEND = YES;
				GCC_C_LANGUAGE_STANDARD = gnu11;
				GCC_NO_COMMON_BLOCKS = YES;
				GCC_WARN_64_TO_32_BIT_CONVERSION = YES;
				GCC_WARN_ABOUT_RETURN_TYPE = YES_ERROR;
				GCC_WARN_UNDECLARED_SELECTOR = YES;
				GCC_WARN_UNINITIALIZED_AUTOS = YES_AGGRESSIVE;
				GCC_WARN_UNUSED_FUNCTION = YES;
				GCC_WARN_UNUSED_VARIABLE = YES;
				IPHONEOS_DEPLOYMENT_TARGET = 13.6;
				MTL_ENABLE_DEBUG_INFO = NO;
				MTL_FAST_MATH = YES;
				SDKROOT = iphoneos;
				SWIFT_COMPILATION_MODE = wholemodule;
				SWIFT_OPTIMIZATION_LEVEL = "-O";
				VALIDATE_PRODUCT = YES;
			};
			name = Release;
		};
		C43C766724C4BC1800E2DA97 /* Debug */ = {
			isa = XCBuildConfiguration;
			buildSettings = {
				ASSETCATALOG_COMPILER_APPICON_NAME = AppIcon;
				CODE_SIGN_ENTITLEMENTS = Examples/Examples.entitlements;
				"CODE_SIGN_IDENTITY[sdk=macosx*]" = "-";
				CODE_SIGN_STYLE = Automatic;
				DEVELOPMENT_ASSET_PATHS = "\"Examples/Preview Content\"";
				DEVELOPMENT_TEAM = 9W69ZP8S5F;
				ENABLE_PREVIEWS = YES;
				INFOPLIST_FILE = Examples/Info.plist;
				IPHONEOS_DEPLOYMENT_TARGET = 13.0;
				LD_RUNPATH_SEARCH_PATHS = (
					"$(inherited)",
					"@executable_path/Frameworks",
				);
				OTHER_LDFLAGS = "";
				PRODUCT_BUNDLE_IDENTIFIER = com.audiokitpro.Examples;
				PRODUCT_NAME = "$(TARGET_NAME)";
				SUPPORTS_MACCATALYST = YES;
				SWIFT_VERSION = 5.0;
				TARGETED_DEVICE_FAMILY = "1,2";
			};
			name = Debug;
		};
		C43C766824C4BC1800E2DA97 /* Release */ = {
			isa = XCBuildConfiguration;
			buildSettings = {
				ASSETCATALOG_COMPILER_APPICON_NAME = AppIcon;
				CODE_SIGN_ENTITLEMENTS = Examples/Examples.entitlements;
				"CODE_SIGN_IDENTITY[sdk=macosx*]" = "-";
				CODE_SIGN_STYLE = Automatic;
				DEVELOPMENT_ASSET_PATHS = "\"Examples/Preview Content\"";
				DEVELOPMENT_TEAM = 9W69ZP8S5F;
				ENABLE_PREVIEWS = YES;
				INFOPLIST_FILE = Examples/Info.plist;
				IPHONEOS_DEPLOYMENT_TARGET = 13.0;
				LD_RUNPATH_SEARCH_PATHS = (
					"$(inherited)",
					"@executable_path/Frameworks",
				);
				OTHER_LDFLAGS = "";
				PRODUCT_BUNDLE_IDENTIFIER = com.audiokitpro.Examples;
				PRODUCT_NAME = "$(TARGET_NAME)";
				SUPPORTS_MACCATALYST = YES;
				SWIFT_VERSION = 5.0;
				TARGETED_DEVICE_FAMILY = "1,2";
			};
			name = Release;
		};
/* End XCBuildConfiguration section */

/* Begin XCConfigurationList section */
		C43C764224C4BC1700E2DA97 /* Build configuration list for PBXProject "Examples" */ = {
			isa = XCConfigurationList;
			buildConfigurations = (
				C43C766424C4BC1800E2DA97 /* Debug */,
				C43C766524C4BC1800E2DA97 /* Release */,
			);
			defaultConfigurationIsVisible = 0;
			defaultConfigurationName = Release;
		};
		C43C766624C4BC1800E2DA97 /* Build configuration list for PBXNativeTarget "Examples" */ = {
			isa = XCConfigurationList;
			buildConfigurations = (
				C43C766724C4BC1800E2DA97 /* Debug */,
				C43C766824C4BC1800E2DA97 /* Release */,
			);
			defaultConfigurationIsVisible = 0;
			defaultConfigurationName = Release;
		};
/* End XCConfigurationList section */

/* Begin XCRemoteSwiftPackageReference section */
		C43771B72510BB4E008DBC12 /* XCRemoteSwiftPackageReference "swiftui-sliders" */ = {
			isa = XCRemoteSwiftPackageReference;
			repositoryURL = "https://github.com/spacenation/swiftui-sliders";
			requirement = {
				kind = upToNextMajorVersion;
				minimumVersion = 1.0.0;
			};
		};
		C44ADB2624EC60710045963E /* XCRemoteSwiftPackageReference "AudioKit" */ = {
			isa = XCRemoteSwiftPackageReference;
			repositoryURL = "https://github.com/AudioKit/AudioKit.git";
			requirement = {
				branch = "v5-develop";
				kind = branch;
			};
		};
/* End XCRemoteSwiftPackageReference section */

/* Begin XCSwiftPackageProductDependency section */
		C43771B82510BB4E008DBC12 /* Sliders */ = {
			isa = XCSwiftPackageProductDependency;
			package = C43771B72510BB4E008DBC12 /* XCRemoteSwiftPackageReference "swiftui-sliders" */;
			productName = Sliders;
		};
		C44ADB2724EC60710045963E /* AudioKit */ = {
			isa = XCSwiftPackageProductDependency;
			package = C44ADB2624EC60710045963E /* XCRemoteSwiftPackageReference "AudioKit" */;
			productName = AudioKit;
		};
/* End XCSwiftPackageProductDependency section */
	};
	rootObject = C43C763F24C4BC1700E2DA97 /* Project object */;
}
