// !$*UTF8*$!
{
	archiveVersion = 1;
	classes = {
	};
	objectVersion = 52;
	objects = {

/* Begin PBXBuildFile section */
		C40B114A24F9DCCB008E4C1A /* PhaseDistortionOscillator.swift in Sources */ = {isa = PBXBuildFile; fileRef = C40B114924F9DCCB008E4C1A /* PhaseDistortionOscillator.swift */; };
		C40B114C24FA25D6008E4C1A /* PWMOscillator.swift in Sources */ = {isa = PBXBuildFile; fileRef = C40B114B24FA25D6008E4C1A /* PWMOscillator.swift */; };
		C40B114E24FA2721008E4C1A /* MorphingOscillator.swift in Sources */ = {isa = PBXBuildFile; fileRef = C40B114D24FA2721008E4C1A /* MorphingOscillator.swift */; };
		C40B115224FA2DD5008E4C1A /* Drums.swift in Sources */ = {isa = PBXBuildFile; fileRef = C40B115024FA2DD5008E4C1A /* Drums.swift */; };
		C40B115424FA2FBF008E4C1A /* Samples in Resources */ = {isa = PBXBuildFile; fileRef = C40B115324FA2FBF008E4C1A /* Samples */; };
		C4159E7024C902CD00354526 /* Oscillator.swift in Sources */ = {isa = PBXBuildFile; fileRef = C4159E6F24C902CD00354526 /* Oscillator.swift */; };
		C4159E7524C90F1800354526 /* Conductor.swift in Sources */ = {isa = PBXBuildFile; fileRef = C4159E7424C90F1800354526 /* Conductor.swift */; };
		C4159E7824CA8EEC00354526 /* FMOscillator.swift in Sources */ = {isa = PBXBuildFile; fileRef = C4159E7724CA8EEC00354526 /* FMOscillator.swift */; };
		C43C764B24C4BC1700E2DA97 /* AppDelegate.swift in Sources */ = {isa = PBXBuildFile; fileRef = C43C764A24C4BC1700E2DA97 /* AppDelegate.swift */; };
		C43C764D24C4BC1700E2DA97 /* SceneDelegate.swift in Sources */ = {isa = PBXBuildFile; fileRef = C43C764C24C4BC1700E2DA97 /* SceneDelegate.swift */; };
		C43C764F24C4BC1700E2DA97 /* ContentView.swift in Sources */ = {isa = PBXBuildFile; fileRef = C43C764E24C4BC1700E2DA97 /* ContentView.swift */; };
		C43C765124C4BC1800E2DA97 /* Assets.xcassets in Resources */ = {isa = PBXBuildFile; fileRef = C43C765024C4BC1800E2DA97 /* Assets.xcassets */; };
		C43C765424C4BC1800E2DA97 /* Preview Assets.xcassets in Resources */ = {isa = PBXBuildFile; fileRef = C43C765324C4BC1800E2DA97 /* Preview Assets.xcassets */; };
		C43C765724C4BC1800E2DA97 /* LaunchScreen.storyboard in Resources */ = {isa = PBXBuildFile; fileRef = C43C765524C4BC1800E2DA97 /* LaunchScreen.storyboard */; };
		C44ADB2824EC60710045963E /* AudioKit in Frameworks */ = {isa = PBXBuildFile; productRef = C44ADB2724EC60710045963E /* AudioKit */; };
		C47E7AA524FE38C1001F6F98 /* VocalTract.swift in Sources */ = {isa = PBXBuildFile; fileRef = C47E7AA424FE38C1001F6F98 /* VocalTract.swift */; };
		C47E7AA724FE3CD0001F6F98 /* PlotView.swift in Sources */ = {isa = PBXBuildFile; fileRef = C47E7AA624FE3CD0001F6F98 /* PlotView.swift */; };
		C47E7AAA24FE487F001F6F98 /* Telephone.swift in Sources */ = {isa = PBXBuildFile; fileRef = C47E7AA924FE487F001F6F98 /* Telephone.swift */; };
		C47E7AAC24FE4987001F6F98 /* AKTelephoneView.swift in Sources */ = {isa = PBXBuildFile; fileRef = C47E7AAB24FE4987001F6F98 /* AKTelephoneView.swift */; };
		C47E7AAE24FE5C04001F6F98 /* AmplitudeEnvelope.swift in Sources */ = {isa = PBXBuildFile; fileRef = C47E7AAD24FE5C04001F6F98 /* AmplitudeEnvelope.swift */; };
		C491174224F8DF1D002C5FC8 /* NoiseGenerators.swift in Sources */ = {isa = PBXBuildFile; fileRef = C491174124F8DF1D002C5FC8 /* NoiseGenerators.swift */; };
		C4B680D924FE283A00F27146 /* KeyboardView.swift in Sources */ = {isa = PBXBuildFile; fileRef = C4B680D824FE283A00F27146 /* KeyboardView.swift */; };
		C4B680DB24FE294900F27146 /* ParameterSlider.swift in Sources */ = {isa = PBXBuildFile; fileRef = C4B680DA24FE294900F27146 /* ParameterSlider.swift */; };
/* End PBXBuildFile section */

/* Begin PBXCopyFilesBuildPhase section */
		C43C769924C4BD3600E2DA97 /* Embed Frameworks */ = {
			isa = PBXCopyFilesBuildPhase;
			buildActionMask = 2147483647;
			dstPath = "";
			dstSubfolderSpec = 10;
			files = (
			);
			name = "Embed Frameworks";
			runOnlyForDeploymentPostprocessing = 0;
		};
/* End PBXCopyFilesBuildPhase section */

/* Begin PBXFileReference section */
		C40B114924F9DCCB008E4C1A /* PhaseDistortionOscillator.swift */ = {isa = PBXFileReference; lastKnownFileType = sourcecode.swift; path = PhaseDistortionOscillator.swift; sourceTree = "<group>"; };
		C40B114B24FA25D6008E4C1A /* PWMOscillator.swift */ = {isa = PBXFileReference; lastKnownFileType = sourcecode.swift; path = PWMOscillator.swift; sourceTree = "<group>"; };
		C40B114D24FA2721008E4C1A /* MorphingOscillator.swift */ = {isa = PBXFileReference; lastKnownFileType = sourcecode.swift; path = MorphingOscillator.swift; sourceTree = "<group>"; };
		C40B115024FA2DD5008E4C1A /* Drums.swift */ = {isa = PBXFileReference; fileEncoding = 4; lastKnownFileType = sourcecode.swift; path = Drums.swift; sourceTree = "<group>"; };
		C40B115324FA2FBF008E4C1A /* Samples */ = {isa = PBXFileReference; lastKnownFileType = folder; path = Samples; sourceTree = "<group>"; };
		C40B115524FACAB3008E4C1A /* AudioKit */ = {isa = PBXFileReference; lastKnownFileType = folder; name = AudioKit; path = ../../AudioKit; sourceTree = "<group>"; };
		C4159E6F24C902CD00354526 /* Oscillator.swift */ = {isa = PBXFileReference; lastKnownFileType = sourcecode.swift; path = Oscillator.swift; sourceTree = "<group>"; };
		C4159E7424C90F1800354526 /* Conductor.swift */ = {isa = PBXFileReference; lastKnownFileType = sourcecode.swift; path = Conductor.swift; sourceTree = "<group>"; };
		C4159E7724CA8EEC00354526 /* FMOscillator.swift */ = {isa = PBXFileReference; lastKnownFileType = sourcecode.swift; path = FMOscillator.swift; sourceTree = "<group>"; };
		C43C764724C4BC1700E2DA97 /* Examples.app */ = {isa = PBXFileReference; explicitFileType = wrapper.application; includeInIndex = 0; path = Examples.app; sourceTree = BUILT_PRODUCTS_DIR; };
		C43C764A24C4BC1700E2DA97 /* AppDelegate.swift */ = {isa = PBXFileReference; lastKnownFileType = sourcecode.swift; path = AppDelegate.swift; sourceTree = "<group>"; };
		C43C764C24C4BC1700E2DA97 /* SceneDelegate.swift */ = {isa = PBXFileReference; lastKnownFileType = sourcecode.swift; path = SceneDelegate.swift; sourceTree = "<group>"; };
		C43C764E24C4BC1700E2DA97 /* ContentView.swift */ = {isa = PBXFileReference; lastKnownFileType = sourcecode.swift; path = ContentView.swift; sourceTree = "<group>"; };
		C43C765024C4BC1800E2DA97 /* Assets.xcassets */ = {isa = PBXFileReference; lastKnownFileType = folder.assetcatalog; path = Assets.xcassets; sourceTree = "<group>"; };
		C43C765324C4BC1800E2DA97 /* Preview Assets.xcassets */ = {isa = PBXFileReference; lastKnownFileType = folder.assetcatalog; path = "Preview Assets.xcassets"; sourceTree = "<group>"; };
		C43C765624C4BC1800E2DA97 /* Base */ = {isa = PBXFileReference; lastKnownFileType = file.storyboard; name = Base; path = Base.lproj/LaunchScreen.storyboard; sourceTree = "<group>"; };
		C43C765824C4BC1800E2DA97 /* Info.plist */ = {isa = PBXFileReference; lastKnownFileType = text.plist.xml; path = Info.plist; sourceTree = "<group>"; };
		C43C778124C4D16100E2DA97 /* Examples.entitlements */ = {isa = PBXFileReference; lastKnownFileType = text.plist.entitlements; path = Examples.entitlements; sourceTree = "<group>"; };
		C47E7AA424FE38C1001F6F98 /* VocalTract.swift */ = {isa = PBXFileReference; lastKnownFileType = sourcecode.swift; path = VocalTract.swift; sourceTree = "<group>"; };
		C47E7AA624FE3CD0001F6F98 /* PlotView.swift */ = {isa = PBXFileReference; lastKnownFileType = sourcecode.swift; path = PlotView.swift; sourceTree = "<group>"; };
		C47E7AA924FE487F001F6F98 /* Telephone.swift */ = {isa = PBXFileReference; lastKnownFileType = sourcecode.swift; path = Telephone.swift; sourceTree = "<group>"; };
		C47E7AAB24FE4987001F6F98 /* AKTelephoneView.swift */ = {isa = PBXFileReference; fileEncoding = 4; lastKnownFileType = sourcecode.swift; path = AKTelephoneView.swift; sourceTree = "<group>"; };
		C47E7AAD24FE5C04001F6F98 /* AmplitudeEnvelope.swift */ = {isa = PBXFileReference; lastKnownFileType = sourcecode.swift; path = AmplitudeEnvelope.swift; sourceTree = "<group>"; };
		C491174124F8DF1D002C5FC8 /* NoiseGenerators.swift */ = {isa = PBXFileReference; lastKnownFileType = sourcecode.swift; path = NoiseGenerators.swift; sourceTree = "<group>"; };
		C4B680D824FE283A00F27146 /* KeyboardView.swift */ = {isa = PBXFileReference; lastKnownFileType = sourcecode.swift; path = KeyboardView.swift; sourceTree = "<group>"; };
		C4B680DA24FE294900F27146 /* ParameterSlider.swift */ = {isa = PBXFileReference; lastKnownFileType = sourcecode.swift; path = ParameterSlider.swift; sourceTree = "<group>"; };
/* End PBXFileReference section */

/* Begin PBXFrameworksBuildPhase section */
		C43C764424C4BC1700E2DA97 /* Frameworks */ = {
			isa = PBXFrameworksBuildPhase;
			buildActionMask = 2147483647;
			files = (
				C44ADB2824EC60710045963E /* AudioKit in Frameworks */,
			);
			runOnlyForDeploymentPostprocessing = 0;
		};
/* End PBXFrameworksBuildPhase section */

/* Begin PBXGroup section */
		C4159E7324C9037500354526 /* Views */ = {
			isa = PBXGroup;
			children = (
				C40B115024FA2DD5008E4C1A /* Drums.swift */,
				C47E7AA924FE487F001F6F98 /* Telephone.swift */,
				C47E7AA424FE38C1001F6F98 /* VocalTract.swift */,
				C4159E7724CA8EEC00354526 /* FMOscillator.swift */,
				C491174124F8DF1D002C5FC8 /* NoiseGenerators.swift */,
				C4159E6F24C902CD00354526 /* Oscillator.swift */,
				C40B114924F9DCCB008E4C1A /* PhaseDistortionOscillator.swift */,
				C40B114D24FA2721008E4C1A /* MorphingOscillator.swift */,
				C47E7AAD24FE5C04001F6F98 /* AmplitudeEnvelope.swift */,
				C40B114B24FA25D6008E4C1A /* PWMOscillator.swift */,
			);
			path = Views;
			sourceTree = "<group>";
		};
		C43C763E24C4BC1700E2DA97 = {
			isa = PBXGroup;
			children = (
				C40B115524FACAB3008E4C1A /* AudioKit */,
				C43C764924C4BC1700E2DA97 /* Examples */,
				C43C764824C4BC1700E2DA97 /* Products */,
				C43C769624C4BD3600E2DA97 /* Frameworks */,
			);
			sourceTree = "<group>";
		};
		C43C764824C4BC1700E2DA97 /* Products */ = {
			isa = PBXGroup;
			children = (
				C43C764724C4BC1700E2DA97 /* Examples.app */,
			);
			name = Products;
			sourceTree = "<group>";
		};
		C43C764924C4BC1700E2DA97 /* Examples */ = {
			isa = PBXGroup;
			children = (
				C43C778124C4D16100E2DA97 /* Examples.entitlements */,
				C43C764A24C4BC1700E2DA97 /* AppDelegate.swift */,
				C43C764C24C4BC1700E2DA97 /* SceneDelegate.swift */,
				C40B115324FA2FBF008E4C1A /* Samples */,
				C4159E7424C90F1800354526 /* Conductor.swift */,
				C43C764E24C4BC1700E2DA97 /* ContentView.swift */,
				C47E7AA824FE3EC5001F6F98 /* Widgets */,
				C4159E7324C9037500354526 /* Views */,
				C43C765024C4BC1800E2DA97 /* Assets.xcassets */,
				C43C765524C4BC1800E2DA97 /* LaunchScreen.storyboard */,
				C43C765824C4BC1800E2DA97 /* Info.plist */,
				C43C765224C4BC1800E2DA97 /* Preview Content */,
			);
			path = Examples;
			sourceTree = "<group>";
		};
		C43C765224C4BC1800E2DA97 /* Preview Content */ = {
			isa = PBXGroup;
			children = (
				C43C765324C4BC1800E2DA97 /* Preview Assets.xcassets */,
			);
			path = "Preview Content";
			sourceTree = "<group>";
		};
		C43C769624C4BD3600E2DA97 /* Frameworks */ = {
			isa = PBXGroup;
			children = (
			);
			name = Frameworks;
			sourceTree = "<group>";
		};
		C47E7AA824FE3EC5001F6F98 /* Widgets */ = {
			isa = PBXGroup;
			children = (
				C47E7AA624FE3CD0001F6F98 /* PlotView.swift */,
				C4B680DA24FE294900F27146 /* ParameterSlider.swift */,
				C47E7AAB24FE4987001F6F98 /* AKTelephoneView.swift */,
				C4B680D824FE283A00F27146 /* KeyboardView.swift */,
			);
			path = Widgets;
			sourceTree = "<group>";
		};
/* End PBXGroup section */

/* Begin PBXNativeTarget section */
		C43C764624C4BC1700E2DA97 /* Examples */ = {
			isa = PBXNativeTarget;
			buildConfigurationList = C43C766624C4BC1800E2DA97 /* Build configuration list for PBXNativeTarget "Examples" */;
			buildPhases = (
				C43C764324C4BC1700E2DA97 /* Sources */,
				C43C764424C4BC1700E2DA97 /* Frameworks */,
				C43C764524C4BC1700E2DA97 /* Resources */,
				C43C769924C4BD3600E2DA97 /* Embed Frameworks */,
			);
			buildRules = (
			);
			dependencies = (
			);
			name = Examples;
			packageProductDependencies = (
				C44ADB2724EC60710045963E /* AudioKit */,
			);
			productName = Examples;
			productReference = C43C764724C4BC1700E2DA97 /* Examples.app */;
			productType = "com.apple.product-type.application";
		};
/* End PBXNativeTarget section */

/* Begin PBXProject section */
		C43C763F24C4BC1700E2DA97 /* Project object */ = {
			isa = PBXProject;
			attributes = {
				LastSwiftUpdateCheck = 1160;
				LastUpgradeCheck = 1160;
				ORGANIZATIONNAME = AudioKit;
				TargetAttributes = {
					C43C764624C4BC1700E2DA97 = {
						CreatedOnToolsVersion = 11.6;
					};
				};
			};
			buildConfigurationList = C43C764224C4BC1700E2DA97 /* Build configuration list for PBXProject "Examples" */;
			compatibilityVersion = "Xcode 9.3";
			developmentRegion = en;
			hasScannedForEncodings = 0;
			knownRegions = (
				en,
				Base,
			);
			mainGroup = C43C763E24C4BC1700E2DA97;
			packageReferences = (
				C44ADB2624EC60710045963E /* XCRemoteSwiftPackageReference "AudioKit" */,
			);
			productRefGroup = C43C764824C4BC1700E2DA97 /* Products */;
			projectDirPath = "";
			projectRoot = "";
			targets = (
				C43C764624C4BC1700E2DA97 /* Examples */,
			);
		};
/* End PBXProject section */

/* Begin PBXResourcesBuildPhase section */
		C43C764524C4BC1700E2DA97 /* Resources */ = {
			isa = PBXResourcesBuildPhase;
			buildActionMask = 2147483647;
			files = (
				C40B115424FA2FBF008E4C1A /* Samples in Resources */,
				C43C765724C4BC1800E2DA97 /* LaunchScreen.storyboard in Resources */,
				C43C765424C4BC1800E2DA97 /* Preview Assets.xcassets in Resources */,
				C43C765124C4BC1800E2DA97 /* Assets.xcassets in Resources */,
			);
			runOnlyForDeploymentPostprocessing = 0;
		};
/* End PBXResourcesBuildPhase section */

/* Begin PBXSourcesBuildPhase section */
		C43C764324C4BC1700E2DA97 /* Sources */ = {
			isa = PBXSourcesBuildPhase;
			buildActionMask = 2147483647;
			files = (
				C40B114E24FA2721008E4C1A /* MorphingOscillator.swift in Sources */,
				C47E7AA724FE3CD0001F6F98 /* PlotView.swift in Sources */,
				C43C764B24C4BC1700E2DA97 /* AppDelegate.swift in Sources */,
				C43C764D24C4BC1700E2DA97 /* SceneDelegate.swift in Sources */,
				C491174224F8DF1D002C5FC8 /* NoiseGenerators.swift in Sources */,
				C4159E7024C902CD00354526 /* Oscillator.swift in Sources */,
				C4159E7524C90F1800354526 /* Conductor.swift in Sources */,
				C40B114A24F9DCCB008E4C1A /* PhaseDistortionOscillator.swift in Sources */,
				C47E7AAC24FE4987001F6F98 /* AKTelephoneView.swift in Sources */,
				C4B680DB24FE294900F27146 /* ParameterSlider.swift in Sources */,
				C40B114C24FA25D6008E4C1A /* PWMOscillator.swift in Sources */,
				C47E7AAE24FE5C04001F6F98 /* AmplitudeEnvelope.swift in Sources */,
				C40B115224FA2DD5008E4C1A /* Drums.swift in Sources */,
				C4B680D924FE283A00F27146 /* KeyboardView.swift in Sources */,
				C4159E7824CA8EEC00354526 /* FMOscillator.swift in Sources */,
				C47E7AAA24FE487F001F6F98 /* Telephone.swift in Sources */,
				C47E7AA524FE38C1001F6F98 /* VocalTract.swift in Sources */,
				C43C764F24C4BC1700E2DA97 /* ContentView.swift in Sources */,
			);
			runOnlyForDeploymentPostprocessing = 0;
		};
/* End PBXSourcesBuildPhase section */

/* Begin PBXVariantGroup section */
		C43C765524C4BC1800E2DA97 /* LaunchScreen.storyboard */ = {
			isa = PBXVariantGroup;
			children = (
				C43C765624C4BC1800E2DA97 /* Base */,
			);
			name = LaunchScreen.storyboard;
			sourceTree = "<group>";
		};
/* End PBXVariantGroup section */

/* Begin XCBuildConfiguration section */
		C43C766424C4BC1800E2DA97 /* Debug */ = {
			isa = XCBuildConfiguration;
			buildSettings = {
				ALWAYS_SEARCH_USER_PATHS = NO;
				CLANG_ANALYZER_NONNULL = YES;
				CLANG_ANALYZER_NUMBER_OBJECT_CONVERSION = YES_AGGRESSIVE;
				CLANG_CXX_LANGUAGE_STANDARD = "gnu++14";
				CLANG_CXX_LIBRARY = "libc++";
				CLANG_ENABLE_MODULES = YES;
				CLANG_ENABLE_OBJC_ARC = YES;
				CLANG_ENABLE_OBJC_WEAK = YES;
				CLANG_WARN_BLOCK_CAPTURE_AUTORELEASING = YES;
				CLANG_WARN_BOOL_CONVERSION = YES;
				CLANG_WARN_COMMA = YES;
				CLANG_WARN_CONSTANT_CONVERSION = YES;
				CLANG_WARN_DEPRECATED_OBJC_IMPLEMENTATIONS = YES;
				CLANG_WARN_DIRECT_OBJC_ISA_USAGE = YES_ERROR;
				CLANG_WARN_DOCUMENTATION_COMMENTS = YES;
				CLANG_WARN_EMPTY_BODY = YES;
				CLANG_WARN_ENUM_CONVERSION = YES;
				CLANG_WARN_INFINITE_RECURSION = YES;
				CLANG_WARN_INT_CONVERSION = YES;
				CLANG_WARN_NON_LITERAL_NULL_CONVERSION = YES;
				CLANG_WARN_OBJC_IMPLICIT_RETAIN_SELF = YES;
				CLANG_WARN_OBJC_LITERAL_CONVERSION = YES;
				CLANG_WARN_OBJC_ROOT_CLASS = YES_ERROR;
				CLANG_WARN_RANGE_LOOP_ANALYSIS = YES;
				CLANG_WARN_STRICT_PROTOTYPES = YES;
				CLANG_WARN_SUSPICIOUS_MOVE = YES;
				CLANG_WARN_UNGUARDED_AVAILABILITY = YES_AGGRESSIVE;
				CLANG_WARN_UNREACHABLE_CODE = YES;
				CLANG_WARN__DUPLICATE_METHOD_MATCH = YES;
				COPY_PHASE_STRIP = NO;
				DEBUG_INFORMATION_FORMAT = dwarf;
				ENABLE_STRICT_OBJC_MSGSEND = YES;
				ENABLE_TESTABILITY = YES;
				GCC_C_LANGUAGE_STANDARD = gnu11;
				GCC_DYNAMIC_NO_PIC = NO;
				GCC_NO_COMMON_BLOCKS = YES;
				GCC_OPTIMIZATION_LEVEL = 0;
				GCC_PREPROCESSOR_DEFINITIONS = (
					"DEBUG=1",
					"$(inherited)",
				);
				GCC_WARN_64_TO_32_BIT_CONVERSION = YES;
				GCC_WARN_ABOUT_RETURN_TYPE = YES_ERROR;
				GCC_WARN_UNDECLARED_SELECTOR = YES;
				GCC_WARN_UNINITIALIZED_AUTOS = YES_AGGRESSIVE;
				GCC_WARN_UNUSED_FUNCTION = YES;
				GCC_WARN_UNUSED_VARIABLE = YES;
				IPHONEOS_DEPLOYMENT_TARGET = 13.6;
				MTL_ENABLE_DEBUG_INFO = INCLUDE_SOURCE;
				MTL_FAST_MATH = YES;
				ONLY_ACTIVE_ARCH = YES;
				SDKROOT = iphoneos;
				SWIFT_ACTIVE_COMPILATION_CONDITIONS = DEBUG;
				SWIFT_OPTIMIZATION_LEVEL = "-Onone";
			};
			name = Debug;
		};
		C43C766524C4BC1800E2DA97 /* Release */ = {
			isa = XCBuildConfiguration;
			buildSettings = {
				ALWAYS_SEARCH_USER_PATHS = NO;
				CLANG_ANALYZER_NONNULL = YES;
				CLANG_ANALYZER_NUMBER_OBJECT_CONVERSION = YES_AGGRESSIVE;
				CLANG_CXX_LANGUAGE_STANDARD = "gnu++14";
				CLANG_CXX_LIBRARY = "libc++";
				CLANG_ENABLE_MODULES = YES;
				CLANG_ENABLE_OBJC_ARC = YES;
				CLANG_ENABLE_OBJC_WEAK = YES;
				CLANG_WARN_BLOCK_CAPTURE_AUTORELEASING = YES;
				CLANG_WARN_BOOL_CONVERSION = YES;
				CLANG_WARN_COMMA = YES;
				CLANG_WARN_CONSTANT_CONVERSION = YES;
				CLANG_WARN_DEPRECATED_OBJC_IMPLEMENTATIONS = YES;
				CLANG_WARN_DIRECT_OBJC_ISA_USAGE = YES_ERROR;
				CLANG_WARN_DOCUMENTATION_COMMENTS = YES;
				CLANG_WARN_EMPTY_BODY = YES;
				CLANG_WARN_ENUM_CONVERSION = YES;
				CLANG_WARN_INFINITE_RECURSION = YES;
				CLANG_WARN_INT_CONVERSION = YES;
				CLANG_WARN_NON_LITERAL_NULL_CONVERSION = YES;
				CLANG_WARN_OBJC_IMPLICIT_RETAIN_SELF = YES;
				CLANG_WARN_OBJC_LITERAL_CONVERSION = YES;
				CLANG_WARN_OBJC_ROOT_CLASS = YES_ERROR;
				CLANG_WARN_RANGE_LOOP_ANALYSIS = YES;
				CLANG_WARN_STRICT_PROTOTYPES = YES;
				CLANG_WARN_SUSPICIOUS_MOVE = YES;
				CLANG_WARN_UNGUARDED_AVAILABILITY = YES_AGGRESSIVE;
				CLANG_WARN_UNREACHABLE_CODE = YES;
				CLANG_WARN__DUPLICATE_METHOD_MATCH = YES;
				COPY_PHASE_STRIP = NO;
				DEBUG_INFORMATION_FORMAT = "dwarf-with-dsym";
				ENABLE_NS_ASSERTIONS = NO;
				ENABLE_STRICT_OBJC_MSGSEND = YES;
				GCC_C_LANGUAGE_STANDARD = gnu11;
				GCC_NO_COMMON_BLOCKS = YES;
				GCC_WARN_64_TO_32_BIT_CONVERSION = YES;
				GCC_WARN_ABOUT_RETURN_TYPE = YES_ERROR;
				GCC_WARN_UNDECLARED_SELECTOR = YES;
				GCC_WARN_UNINITIALIZED_AUTOS = YES_AGGRESSIVE;
				GCC_WARN_UNUSED_FUNCTION = YES;
				GCC_WARN_UNUSED_VARIABLE = YES;
				IPHONEOS_DEPLOYMENT_TARGET = 13.6;
				MTL_ENABLE_DEBUG_INFO = NO;
				MTL_FAST_MATH = YES;
				SDKROOT = iphoneos;
				SWIFT_COMPILATION_MODE = wholemodule;
				SWIFT_OPTIMIZATION_LEVEL = "-O";
				VALIDATE_PRODUCT = YES;
			};
			name = Release;
		};
		C43C766724C4BC1800E2DA97 /* Debug */ = {
			isa = XCBuildConfiguration;
			buildSettings = {
				ASSETCATALOG_COMPILER_APPICON_NAME = AppIcon;
				CODE_SIGN_ENTITLEMENTS = Examples/Examples.entitlements;
				"CODE_SIGN_IDENTITY[sdk=macosx*]" = "-";
				CODE_SIGN_STYLE = Automatic;
				DEVELOPMENT_ASSET_PATHS = "\"Examples/Preview Content\"";
				DEVELOPMENT_TEAM = 5D437HC99E;
				ENABLE_PREVIEWS = YES;
				INFOPLIST_FILE = Examples/Info.plist;
				IPHONEOS_DEPLOYMENT_TARGET = 13.0;
				LD_RUNPATH_SEARCH_PATHS = (
					"$(inherited)",
					"@executable_path/Frameworks",
				);
				OTHER_LDFLAGS = "";
				PRODUCT_BUNDLE_IDENTIFIER = com.audiokitpro.Examples;
				PRODUCT_NAME = "$(TARGET_NAME)";
				SUPPORTS_MACCATALYST = YES;
				SWIFT_VERSION = 5.0;
				TARGETED_DEVICE_FAMILY = "1,2";
			};
			name = Debug;
		};
		C43C766824C4BC1800E2DA97 /* Release */ = {
			isa = XCBuildConfiguration;
			buildSettings = {
				ASSETCATALOG_COMPILER_APPICON_NAME = AppIcon;
				CODE_SIGN_ENTITLEMENTS = Examples/Examples.entitlements;
				"CODE_SIGN_IDENTITY[sdk=macosx*]" = "-";
				CODE_SIGN_STYLE = Automatic;
				DEVELOPMENT_ASSET_PATHS = "\"Examples/Preview Content\"";
				DEVELOPMENT_TEAM = 5D437HC99E;
				ENABLE_PREVIEWS = YES;
				INFOPLIST_FILE = Examples/Info.plist;
				IPHONEOS_DEPLOYMENT_TARGET = 13.0;
				LD_RUNPATH_SEARCH_PATHS = (
					"$(inherited)",
					"@executable_path/Frameworks",
				);
				OTHER_LDFLAGS = "";
				PRODUCT_BUNDLE_IDENTIFIER = com.audiokitpro.Examples;
				PRODUCT_NAME = "$(TARGET_NAME)";
				SUPPORTS_MACCATALYST = YES;
				SWIFT_VERSION = 5.0;
				TARGETED_DEVICE_FAMILY = "1,2";
			};
			name = Release;
		};
/* End XCBuildConfiguration section */

/* Begin XCConfigurationList section */
		C43C764224C4BC1700E2DA97 /* Build configuration list for PBXProject "Examples" */ = {
			isa = XCConfigurationList;
			buildConfigurations = (
				C43C766424C4BC1800E2DA97 /* Debug */,
				C43C766524C4BC1800E2DA97 /* Release */,
			);
			defaultConfigurationIsVisible = 0;
			defaultConfigurationName = Release;
		};
		C43C766624C4BC1800E2DA97 /* Build configuration list for PBXNativeTarget "Examples" */ = {
			isa = XCConfigurationList;
			buildConfigurations = (
				C43C766724C4BC1800E2DA97 /* Debug */,
				C43C766824C4BC1800E2DA97 /* Release */,
			);
			defaultConfigurationIsVisible = 0;
			defaultConfigurationName = Release;
		};
/* End XCConfigurationList section */

/* Begin XCRemoteSwiftPackageReference section */
		C44ADB2624EC60710045963E /* XCRemoteSwiftPackageReference "AudioKit" */ = {
			isa = XCRemoteSwiftPackageReference;
			repositoryURL = "https://github.com/AudioKit/AudioKit.git";
			requirement = {
				branch = "v5-develop";
				kind = branch;
			};
		};
/* End XCRemoteSwiftPackageReference section */

/* Begin XCSwiftPackageProductDependency section */
		C44ADB2724EC60710045963E /* AudioKit */ = {
			isa = XCSwiftPackageProductDependency;
			package = C44ADB2624EC60710045963E /* XCRemoteSwiftPackageReference "AudioKit" */;
			productName = AudioKit;
		};
/* End XCSwiftPackageProductDependency section */
	};
	rootObject = C43C763F24C4BC1700E2DA97 /* Project object */;
}
