{
  "object": {
    "pins": [
      {
        "package": "AudioKit",
        "repositoryURL": "https://github.com/AudioKit/AudioKit",
        "state": {
          "branch": "develop",
          "revision": "4f7e206498fcdf90c62f064b13cc3808e94efc75",
          "version": null
        }
      },
      {
        "package": "AudioKitEX",
        "repositoryURL": "https://github.com/AudioKit/AudioKitEX",
        "state": {
          "branch": null,
          "revision": "57e2af5a924706ede3994440ffea3d0b2c003a08",
          "version": "5.3.2"
        }
      },
      {
        "package": "AudioKitUI",
        "repositoryURL": "https://github.com/AudioKit/AudioKitUI",
        "state": {
          "branch": "develop",
          "revision": "03806b4a8a42d04fd909b302904ca60b8bc370cf",
          "version": null
        }
      },
      {
        "package": "DunneAudioKit",
        "repositoryURL": "https://github.com/Audiokit/DunneAudioKit",
        "state": {
          "branch": null,
          "revision": "83a7cd388ecb9237fba1ffe4129fab32a54c1acb",
          "version": "5.3.1"
        }
      },
      {
        "package": "KissFFT",
        "repositoryURL": "https://github.com/AudioKit/KissFFT",
        "state": {
          "branch": null,
          "revision": "dd0636e151724b8ba2e0908eba4d99a6ff24d00c",
          "version": "1.0.0"
        }
      },
      {
        "package": "SoundpipeAudioKit",
        "repositoryURL": "https://github.com/AudioKit/SoundpipeAudioKit",
        "state": {
          "branch": "develop",
          "revision": "a14f05e46e3356ecedf23effd903f83360e073f6",
          "version": null
        }
      },
      {
        "package": "SporthAudioKit",
        "repositoryURL": "https://github.com/AudioKit/SporthAudioKit",
        "state": {
          "branch": null,
          "revision": "f60e798288dd3b12814e83a4fc62468629d8c1f2",
          "version": "5.3.1"
        }
      },
      {
        "package": "STKAudioKit",
        "repositoryURL": "https://github.com/AudioKit/STKAudioKit",
        "state": {
          "branch": null,
          "revision": "8a1685afad9b5e7e892f22a8411216a36e5bcb62",
          "version": "5.3.0"
        }
      }
    ]
  },
  "version": 1
}
