{
  "object": {
    "pins": [
      {
        "package": "AudioKit",
        "repositoryURL": "https://github.com/AudioKit/AudioKit.git",
        "state": {
          "branch": "v5-main",
          "revision": "b1099859f6654c98f0f28e9fb1ed388ae96cb7d6",
          "version": null
        }
      },
      {
        "package": "AudioKitUI",
        "repositoryURL": "https://github.com/AudioKit/AudioKitUI",
        "state": {
          "branch": "main",
          "revision": "5e4a8c888304b64d20b775ab194172ede5d79a4b",
          "version": null
        }
      },
      {
        "package": "Sliders",
        "repositoryURL": "https://github.com/spacenation/swiftui-sliders",
        "state": {
          "branch": null,
          "revision": "5109792d45a53c3c41680b8bdb0602b5dde39c9a",
          "version": "1.0.0"
        }
      }
    ]
  },
  "version": 1
}
