// !$*UTF8*$!
{
	archiveVersion = 1;
	classes = {
	};
	objectVersion = 54;
	objects = {

/* Begin PBXBuildFile section */
		29215CE827CC30CF005B706C /* CookbookCommon in Frameworks */ = {isa = PBXBuildFile; productRef = 29215CE727CC30CF005B706C /* CookbookCommon */; };
		29215CEA27CC3965005B706C /* Assets.xcassets in Resources */ = {isa = PBXBuildFile; fileRef = 29215CE927CC3956005B706C /* Assets.xcassets */; };
		29FC959927CC154B006D8CDF /* CookbookApp.swift in Sources */ = {isa = PBXBuildFile; fileRef = 29FC959827CC154B006D8CDF /* CookbookApp.swift */; };
		31BA90FC29C371AB00FCD505 /* audio3D.scnassets in Resources */ = {isa = PBXBuildFile; fileRef = 31BA90FB29C371AB00FCD505 /* audio3D.scnassets */; };
		5A0C234827D7CA4E003E281C /* Sounds in Resources */ = {isa = PBXBuildFile; fileRef = 5A0C234727D7CA4E003E281C /* Sounds */; };
		5A7F40432B21F314000A28F9 /* Flow in Frameworks */ = {isa = PBXBuildFile; productRef = 5A7F40422B21F314000A28F9 /* Flow */; };
		5A7F40462B21FD06000A28F9 /* Waveform in Frameworks */ = {isa = PBXBuildFile; productRef = 5A7F40452B21FD06000A28F9 /* Waveform */; };
		5A7F40492B21FE34000A28F9 /* PianoRoll in Frameworks */ = {isa = PBXBuildFile; productRef = 5A7F40482B21FE34000A28F9 /* PianoRoll */; };
		5A7F404C2B220667000A28F9 /* STKAudioKit in Frameworks */ = {isa = PBXBuildFile; productRef = 5A7F404B2B220667000A28F9 /* STKAudioKit */; };
		5A7F40572B22774A000A28F9 /* MIDIKit in Frameworks */ = {isa = PBXBuildFile; productRef = 5A7F40562B22774A000A28F9 /* MIDIKit */; };
		C446DE542528D8E700138D0A /* LaunchScreen.storyboard in Resources */ = {isa = PBXBuildFile; fileRef = C446DE522528D8E700138D0A /* LaunchScreen.storyboard */; };
/* End PBXBuildFile section */

/* Begin PBXFileReference section */
		29215CE527CC30A0005B706C /* CookbookCommon */ = {isa = PBXFileReference; lastKnownFileType = wrapper; path = CookbookCommon; sourceTree = "<group>"; };
		29215CE927CC3956005B706C /* Assets.xcassets */ = {isa = PBXFileReference; lastKnownFileType = folder.assetcatalog; path = Assets.xcassets; sourceTree = "<group>"; };
		29FC959827CC154B006D8CDF /* CookbookApp.swift */ = {isa = PBXFileReference; lastKnownFileType = sourcecode.swift; path = CookbookApp.swift; sourceTree = "<group>"; };
		31BA90FB29C371AB00FCD505 /* audio3D.scnassets */ = {isa = PBXFileReference; lastKnownFileType = wrapper.scnassets; path = audio3D.scnassets; sourceTree = "<group>"; };
		3DE748C7278CD61C0082C51F /* DEVELOPMENT_TEAM.template.xcconfig */ = {isa = PBXFileReference; fileEncoding = 4; lastKnownFileType = text.xcconfig; path = DEVELOPMENT_TEAM.template.xcconfig; sourceTree = "<group>"; };
		3DE748C8278CD61C0082C51F /* DEVELOPMENT_TEAM.xcconfig */ = {isa = PBXFileReference; fileEncoding = 4; lastKnownFileType = text.xcconfig; path = DEVELOPMENT_TEAM.xcconfig; sourceTree = "<group>"; };
		3DE748C9278CD61C0082C51F /* Shared.xcconfig */ = {isa = PBXFileReference; fileEncoding = 4; lastKnownFileType = text.xcconfig; path = Shared.xcconfig; sourceTree = "<group>"; };
		5A0C234727D7CA4E003E281C /* Sounds */ = {isa = PBXFileReference; lastKnownFileType = folder; path = Sounds; sourceTree = "<group>"; };
		C446DE442528D8E600138D0A /* Cookbook.app */ = {isa = PBXFileReference; explicitFileType = wrapper.application; includeInIndex = 0; path = Cookbook.app; sourceTree = BUILT_PRODUCTS_DIR; };
		C446DE532528D8E700138D0A /* Base */ = {isa = PBXFileReference; lastKnownFileType = file.storyboard; name = Base; path = Base.lproj/LaunchScreen.storyboard; sourceTree = "<group>"; };
		C446DE552528D8E700138D0A /* Info.plist */ = {isa = PBXFileReference; lastKnownFileType = text.plist.xml; path = Info.plist; sourceTree = "<group>"; };
		C474C9C525290C83005EEB80 /* SampleCode.xcconfig */ = {isa = PBXFileReference; fileEncoding = 4; lastKnownFileType = text.xcconfig; path = SampleCode.xcconfig; sourceTree = "<group>"; };
		C4A2F2C3253D45D4007C1032 /* Cookbook.entitlements */ = {isa = PBXFileReference; lastKnownFileType = text.plist.entitlements; path = Cookbook.entitlements; sourceTree = "<group>"; };
/* End PBXFileReference section */

/* Begin PBXFrameworksBuildPhase section */
		C446DE412528D8E600138D0A /* Frameworks */ = {
			isa = PBXFrameworksBuildPhase;
			buildActionMask = 2147483647;
			files = (
				5A7F40572B22774A000A28F9 /* MIDIKit in Frameworks */,
				5A7F404C2B220667000A28F9 /* STKAudioKit in Frameworks */,
				5A7F40432B21F314000A28F9 /* Flow in Frameworks */,
				5A7F40492B21FE34000A28F9 /* PianoRoll in Frameworks */,
				5A7F40462B21FD06000A28F9 /* Waveform in Frameworks */,
				29215CE827CC30CF005B706C /* CookbookCommon in Frameworks */,
			);
			runOnlyForDeploymentPostprocessing = 0;
		};
/* End PBXFrameworksBuildPhase section */

/* Begin PBXGroup section */
		3DE748C6278CD61C0082C51F /* Xcode-config */ = {
			isa = PBXGroup;
			children = (
				3DE748C7278CD61C0082C51F /* DEVELOPMENT_TEAM.template.xcconfig */,
				3DE748C8278CD61C0082C51F /* DEVELOPMENT_TEAM.xcconfig */,
				3DE748C9278CD61C0082C51F /* Shared.xcconfig */,
			);
			name = "Xcode-config";
			path = "../Xcode-config";
			sourceTree = "<group>";
		};
		C446DE3B2528D8E600138D0A = {
			isa = PBXGroup;
			children = (
				5A0C234727D7CA4E003E281C /* Sounds */,
				29215CE527CC30A0005B706C /* CookbookCommon */,
				C446DE462528D8E600138D0A /* Cookbook */,
				C474C9C425290C83005EEB80 /* Configuration */,
				C446DE452528D8E600138D0A /* Products */,
				C48C17E0258F050300F1BA6B /* Frameworks */,
				3DE748C6278CD61C0082C51F /* Xcode-config */,
			);
			sourceTree = "<group>";
		};
		C446DE452528D8E600138D0A /* Products */ = {
			isa = PBXGroup;
			children = (
				C446DE442528D8E600138D0A /* Cookbook.app */,
			);
			name = Products;
			sourceTree = "<group>";
		};
		C446DE462528D8E600138D0A /* Cookbook */ = {
			isa = PBXGroup;
			children = (
				31BA90FB29C371AB00FCD505 /* audio3D.scnassets */,
				C4A2F2C3253D45D4007C1032 /* Cookbook.entitlements */,
				29FC959827CC154B006D8CDF /* CookbookApp.swift */,
				C446DE522528D8E700138D0A /* LaunchScreen.storyboard */,
				29215CE927CC3956005B706C /* Assets.xcassets */,
				C446DE552528D8E700138D0A /* Info.plist */,
			);
			path = Cookbook;
			sourceTree = "<group>";
		};
		C474C9C425290C83005EEB80 /* Configuration */ = {
			isa = PBXGroup;
			children = (
				C474C9C525290C83005EEB80 /* SampleCode.xcconfig */,
			);
			path = Configuration;
			sourceTree = "<group>";
		};
		C48C17E0258F050300F1BA6B /* Frameworks */ = {
			isa = PBXGroup;
			children = (
			);
			name = Frameworks;
			sourceTree = "<group>";
		};
/* End PBXGroup section */

/* Begin PBXNativeTarget section */
		C446DE432528D8E600138D0A /* Cookbook */ = {
			isa = PBXNativeTarget;
			buildConfigurationList = C446DE6E2528D8E800138D0A /* Build configuration list for PBXNativeTarget "Cookbook" */;
			buildPhases = (
				C446DE402528D8E600138D0A /* Sources */,
				C446DE412528D8E600138D0A /* Frameworks */,
				C446DE422528D8E600138D0A /* Resources */,
			);
			buildRules = (
			);
			dependencies = (
			);
			name = Cookbook;
			packageProductDependencies = (
				29215CE727CC30CF005B706C /* CookbookCommon */,
				5A7F40422B21F314000A28F9 /* Flow */,
				5A7F40452B21FD06000A28F9 /* Waveform */,
				5A7F40482B21FE34000A28F9 /* PianoRoll */,
				5A7F404B2B220667000A28F9 /* STKAudioKit */,
				5A7F40562B22774A000A28F9 /* MIDIKit */,
			);
			productName = Cookbook;
			productReference = C446DE442528D8E600138D0A /* Cookbook.app */;
			productType = "com.apple.product-type.application";
		};
/* End PBXNativeTarget section */

/* Begin PBXProject section */
		C446DE3C2528D8E600138D0A /* Project object */ = {
			isa = PBXProject;
			attributes = {
				LastSwiftUpdateCheck = 1200;
				LastUpgradeCheck = 1230;
				TargetAttributes = {
					C446DE432528D8E600138D0A = {
						CreatedOnToolsVersion = 12.0;
					};
				};
			};
			buildConfigurationList = C446DE3F2528D8E600138D0A /* Build configuration list for PBXProject "Cookbook" */;
			compatibilityVersion = "Xcode 9.3";
			developmentRegion = en;
			hasScannedForEncodings = 0;
			knownRegions = (
				en,
				Base,
			);
			mainGroup = C446DE3B2528D8E600138D0A;
			packageReferences = (
				5A7F40412B21F314000A28F9 /* XCRemoteSwiftPackageReference "Flow" */,
				5A7F40442B21FD06000A28F9 /* XCRemoteSwiftPackageReference "Waveform" */,
				5A7F40472B21FE34000A28F9 /* XCRemoteSwiftPackageReference "PianoRoll" */,
				5A7F404A2B220667000A28F9 /* XCRemoteSwiftPackageReference "STKAudioKit" */,
				5A7F40552B22774A000A28F9 /* XCRemoteSwiftPackageReference "MIDIKit" */,
			);
			productRefGroup = C446DE452528D8E600138D0A /* Products */;
			projectDirPath = "";
			projectRoot = "";
			targets = (
				C446DE432528D8E600138D0A /* Cookbook */,
			);
		};
/* End PBXProject section */

/* Begin PBXResourcesBuildPhase section */
		C446DE422528D8E600138D0A /* Resources */ = {
			isa = PBXResourcesBuildPhase;
			buildActionMask = 2147483647;
			files = (
				5A0C234827D7CA4E003E281C /* Sounds in Resources */,
				29215CEA27CC3965005B706C /* Assets.xcassets in Resources */,
				C446DE542528D8E700138D0A /* LaunchScreen.storyboard in Resources */,
				31BA90FC29C371AB00FCD505 /* audio3D.scnassets in Resources */,
			);
			runOnlyForDeploymentPostprocessing = 0;
		};
/* End PBXResourcesBuildPhase section */

/* Begin PBXSourcesBuildPhase section */
		C446DE402528D8E600138D0A /* Sources */ = {
			isa = PBXSourcesBuildPhase;
			buildActionMask = 2147483647;
			files = (
				29FC959927CC154B006D8CDF /* CookbookApp.swift in Sources */,
			);
			runOnlyForDeploymentPostprocessing = 0;
		};
/* End PBXSourcesBuildPhase section */

/* Begin PBXVariantGroup section */
		C446DE522528D8E700138D0A /* LaunchScreen.storyboard */ = {
			isa = PBXVariantGroup;
			children = (
				C446DE532528D8E700138D0A /* Base */,
			);
			name = LaunchScreen.storyboard;
			sourceTree = "<group>";
		};
/* End PBXVariantGroup section */

/* Begin XCBuildConfiguration section */
		C446DE6C2528D8E800138D0A /* Debug */ = {
			isa = XCBuildConfiguration;
			baseConfigurationReference = 3DE748C9278CD61C0082C51F /* Shared.xcconfig */;
			buildSettings = {
				ALWAYS_SEARCH_USER_PATHS = NO;
				CLANG_ANALYZER_NONNULL = YES;
				CLANG_ANALYZER_NUMBER_OBJECT_CONVERSION = YES_AGGRESSIVE;
				CLANG_CXX_LANGUAGE_STANDARD = "gnu++14";
				CLANG_CXX_LIBRARY = "libc++";
				CLANG_ENABLE_MODULES = YES;
				CLANG_ENABLE_OBJC_ARC = YES;
				CLANG_ENABLE_OBJC_WEAK = YES;
				CLANG_WARN_BLOCK_CAPTURE_AUTORELEASING = YES;
				CLANG_WARN_BOOL_CONVERSION = YES;
				CLANG_WARN_COMMA = YES;
				CLANG_WARN_CONSTANT_CONVERSION = YES;
				CLANG_WARN_DEPRECATED_OBJC_IMPLEMENTATIONS = YES;
				CLANG_WARN_DIRECT_OBJC_ISA_USAGE = YES_ERROR;
				CLANG_WARN_DOCUMENTATION_COMMENTS = YES;
				CLANG_WARN_EMPTY_BODY = YES;
				CLANG_WARN_ENUM_CONVERSION = YES;
				CLANG_WARN_INFINITE_RECURSION = YES;
				CLANG_WARN_INT_CONVERSION = YES;
				CLANG_WARN_NON_LITERAL_NULL_CONVERSION = YES;
				CLANG_WARN_OBJC_IMPLICIT_RETAIN_SELF = YES;
				CLANG_WARN_OBJC_LITERAL_CONVERSION = YES;
				CLANG_WARN_OBJC_ROOT_CLASS = YES_ERROR;
				CLANG_WARN_QUOTED_INCLUDE_IN_FRAMEWORK_HEADER = YES;
				CLANG_WARN_RANGE_LOOP_ANALYSIS = YES;
				CLANG_WARN_STRICT_PROTOTYPES = YES;
				CLANG_WARN_SUSPICIOUS_MOVE = YES;
				CLANG_WARN_UNGUARDED_AVAILABILITY = YES_AGGRESSIVE;
				CLANG_WARN_UNREACHABLE_CODE = YES;
				CLANG_WARN__DUPLICATE_METHOD_MATCH = YES;
				COPY_PHASE_STRIP = NO;
				DEBUG_INFORMATION_FORMAT = dwarf;
				ENABLE_STRICT_OBJC_MSGSEND = YES;
				ENABLE_TESTABILITY = YES;
				GCC_C_LANGUAGE_STANDARD = gnu11;
				GCC_DYNAMIC_NO_PIC = NO;
				GCC_NO_COMMON_BLOCKS = YES;
				GCC_OPTIMIZATION_LEVEL = 0;
				GCC_PREPROCESSOR_DEFINITIONS = (
					"DEBUG=1",
					"$(inherited)",
				);
				GCC_WARN_64_TO_32_BIT_CONVERSION = YES;
				GCC_WARN_ABOUT_RETURN_TYPE = YES_ERROR;
				GCC_WARN_UNDECLARED_SELECTOR = YES;
				GCC_WARN_UNINITIALIZED_AUTOS = YES_AGGRESSIVE;
				GCC_WARN_UNUSED_FUNCTION = YES;
				GCC_WARN_UNUSED_VARIABLE = YES;
				MTL_ENABLE_DEBUG_INFO = INCLUDE_SOURCE;
				MTL_FAST_MATH = YES;
				ONLY_ACTIVE_ARCH = YES;
				SDKROOT = iphoneos;
				SWIFT_ACTIVE_COMPILATION_CONDITIONS = DEBUG;
				SWIFT_OPTIMIZATION_LEVEL = "-Onone";
			};
			name = Debug;
		};
		C446DE6D2528D8E800138D0A /* Release */ = {
			isa = XCBuildConfiguration;
			baseConfigurationReference = 3DE748C9278CD61C0082C51F /* Shared.xcconfig */;
			buildSettings = {
				ALWAYS_SEARCH_USER_PATHS = NO;
				CLANG_ANALYZER_NONNULL = YES;
				CLANG_ANALYZER_NUMBER_OBJECT_CONVERSION = YES_AGGRESSIVE;
				CLANG_CXX_LANGUAGE_STANDARD = "gnu++14";
				CLANG_CXX_LIBRARY = "libc++";
				CLANG_ENABLE_MODULES = YES;
				CLANG_ENABLE_OBJC_ARC = YES;
				CLANG_ENABLE_OBJC_WEAK = YES;
				CLANG_WARN_BLOCK_CAPTURE_AUTORELEASING = YES;
				CLANG_WARN_BOOL_CONVERSION = YES;
				CLANG_WARN_COMMA = YES;
				CLANG_WARN_CONSTANT_CONVERSION = YES;
				CLANG_WARN_DEPRECATED_OBJC_IMPLEMENTATIONS = YES;
				CLANG_WARN_DIRECT_OBJC_ISA_USAGE = YES_ERROR;
				CLANG_WARN_DOCUMENTATION_COMMENTS = YES;
				CLANG_WARN_EMPTY_BODY = YES;
				CLANG_WARN_ENUM_CONVERSION = YES;
				CLANG_WARN_INFINITE_RECURSION = YES;
				CLANG_WARN_INT_CONVERSION = YES;
				CLANG_WARN_NON_LITERAL_NULL_CONVERSION = YES;
				CLANG_WARN_OBJC_IMPLICIT_RETAIN_SELF = YES;
				CLANG_WARN_OBJC_LITERAL_CONVERSION = YES;
				CLANG_WARN_OBJC_ROOT_CLASS = YES_ERROR;
				CLANG_WARN_QUOTED_INCLUDE_IN_FRAMEWORK_HEADER = YES;
				CLANG_WARN_RANGE_LOOP_ANALYSIS = YES;
				CLANG_WARN_STRICT_PROTOTYPES = YES;
				CLANG_WARN_SUSPICIOUS_MOVE = YES;
				CLANG_WARN_UNGUARDED_AVAILABILITY = YES_AGGRESSIVE;
				CLANG_WARN_UNREACHABLE_CODE = YES;
				CLANG_WARN__DUPLICATE_METHOD_MATCH = YES;
				COPY_PHASE_STRIP = NO;
				DEBUG_INFORMATION_FORMAT = "dwarf-with-dsym";
				ENABLE_NS_ASSERTIONS = NO;
				ENABLE_STRICT_OBJC_MSGSEND = YES;
				GCC_C_LANGUAGE_STANDARD = gnu11;
				GCC_NO_COMMON_BLOCKS = YES;
				GCC_WARN_64_TO_32_BIT_CONVERSION = YES;
				GCC_WARN_ABOUT_RETURN_TYPE = YES_ERROR;
				GCC_WARN_UNDECLARED_SELECTOR = YES;
				GCC_WARN_UNINITIALIZED_AUTOS = YES_AGGRESSIVE;
				GCC_WARN_UNUSED_FUNCTION = YES;
				GCC_WARN_UNUSED_VARIABLE = YES;
				MTL_ENABLE_DEBUG_INFO = NO;
				MTL_FAST_MATH = YES;
				SDKROOT = iphoneos;
				SWIFT_COMPILATION_MODE = wholemodule;
				SWIFT_OPTIMIZATION_LEVEL = "-O";
				VALIDATE_PRODUCT = YES;
			};
			name = Release;
		};
		C446DE6F2528D8E800138D0A /* Debug */ = {
			isa = XCBuildConfiguration;
			buildSettings = {
				ASSETCATALOG_COMPILER_APPICON_NAME = AppIcon;
				ASSETCATALOG_COMPILER_GLOBAL_ACCENT_COLOR_NAME = "";
				CODE_SIGN_ENTITLEMENTS = Cookbook/Cookbook.entitlements;
				CODE_SIGN_STYLE = Automatic;
				DEVELOPMENT_TEAM = 9W69ZP8S5F;
				ENABLE_PREVIEWS = YES;
				INFOPLIST_FILE = Cookbook/Info.plist;
				LD_RUNPATH_SEARCH_PATHS = (
					"$(inherited)",
					"@executable_path/Frameworks",
				);
				PRODUCT_BUNDLE_IDENTIFIER = "com.audiokitpro.Cookbook${SAMPLE_CODE_DISAMBIGUATOR}";
				PRODUCT_NAME = "$(TARGET_NAME)";
				SAMPLE_CODE_DISAMBIGUATOR = "${DEVELOPMENT_TEAM}";
				SUPPORTS_MACCATALYST = YES;
				SWIFT_VERSION = 5.0;
				TARGETED_DEVICE_FAMILY = "1,2";
			};
			name = Debug;
		};
		C446DE702528D8E800138D0A /* Release */ = {
			isa = XCBuildConfiguration;
			buildSettings = {
				ASSETCATALOG_COMPILER_APPICON_NAME = AppIcon;
				ASSETCATALOG_COMPILER_GLOBAL_ACCENT_COLOR_NAME = "";
				CODE_SIGN_ENTITLEMENTS = Cookbook/Cookbook.entitlements;
				CODE_SIGN_STYLE = Automatic;
				DEVELOPMENT_TEAM = 9W69ZP8S5F;
				ENABLE_PREVIEWS = YES;
				INFOPLIST_FILE = Cookbook/Info.plist;
				LD_RUNPATH_SEARCH_PATHS = (
					"$(inherited)",
					"@executable_path/Frameworks",
				);
				PRODUCT_BUNDLE_IDENTIFIER = "com.audiokitpro.Cookbook${SAMPLE_CODE_DISAMBIGUATOR}";
				PRODUCT_NAME = "$(TARGET_NAME)";
				SAMPLE_CODE_DISAMBIGUATOR = "${DEVELOPMENT_TEAM}";
				SUPPORTS_MACCATALYST = YES;
				SWIFT_VERSION = 5.0;
				TARGETED_DEVICE_FAMILY = "1,2";
			};
			name = Release;
		};
/* End XCBuildConfiguration section */

/* Begin XCConfigurationList section */
		C446DE3F2528D8E600138D0A /* Build configuration list for PBXProject "Cookbook" */ = {
			isa = XCConfigurationList;
			buildConfigurations = (
				C446DE6C2528D8E800138D0A /* Debug */,
				C446DE6D2528D8E800138D0A /* Release */,
			);
			defaultConfigurationIsVisible = 0;
			defaultConfigurationName = Release;
		};
		C446DE6E2528D8E800138D0A /* Build configuration list for PBXNativeTarget "Cookbook" */ = {
			isa = XCConfigurationList;
			buildConfigurations = (
				C446DE6F2528D8E800138D0A /* Debug */,
				C446DE702528D8E800138D0A /* Release */,
			);
			defaultConfigurationIsVisible = 0;
			defaultConfigurationName = Release;
		};
/* End XCConfigurationList section */

/* Begin XCRemoteSwiftPackageReference section */
		5A7F40412B21F314000A28F9 /* XCRemoteSwiftPackageReference "Flow" */ = {
			isa = XCRemoteSwiftPackageReference;
			repositoryURL = "https://github.com/AudioKit/Flow";
			requirement = {
				kind = upToNextMajorVersion;
				minimumVersion = 1.0.3;
			};
		};
		5A7F40442B21FD06000A28F9 /* XCRemoteSwiftPackageReference "Waveform" */ = {
			isa = XCRemoteSwiftPackageReference;
			repositoryURL = "https://github.com/AudioKit/Waveform";
			requirement = {
				kind = upToNextMajorVersion;
				minimumVersion = 1.0.2;
			};
		};
		5A7F40472B21FE34000A28F9 /* XCRemoteSwiftPackageReference "PianoRoll" */ = {
			isa = XCRemoteSwiftPackageReference;
			repositoryURL = "https://github.com/AudioKit/PianoRoll";
			requirement = {
				kind = upToNextMajorVersion;
				minimumVersion = 1.0.7;
			};
		};
		5A7F404A2B220667000A28F9 /* XCRemoteSwiftPackageReference "STKAudioKit" */ = {
			isa = XCRemoteSwiftPackageReference;
			repositoryURL = "https://github.com/AudioKit/STKAudioKit";
			requirement = {
				kind = upToNextMajorVersion;
				minimumVersion = 5.5.4;
			};
		};
		5A7F40552B22774A000A28F9 /* XCRemoteSwiftPackageReference "MIDIKit" */ = {
			isa = XCRemoteSwiftPackageReference;
			repositoryURL = "https://github.com/orchetect/MIDIKit";
			requirement = {
				kind = upToNextMajorVersion;
				minimumVersion = 0.9.4;
			};
		};
/* End XCRemoteSwiftPackageReference section */

/* Begin XCSwiftPackageProductDependency section */
		29215CE727CC30CF005B706C /* CookbookCommon */ = {
			isa = XCSwiftPackageProductDependency;
			productName = CookbookCommon;
		};
		5A7F40422B21F314000A28F9 /* Flow */ = {
			isa = XCSwiftPackageProductDependency;
			package = 5A7F40412B21F314000A28F9 /* XCRemoteSwiftPackageReference "Flow" */;
			productName = Flow;
		};
		5A7F40452B21FD06000A28F9 /* Waveform */ = {
			isa = XCSwiftPackageProductDependency;
			package = 5A7F40442B21FD06000A28F9 /* XCRemoteSwiftPackageReference "Waveform" */;
			productName = Waveform;
		};
		5A7F40482B21FE34000A28F9 /* PianoRoll */ = {
			isa = XCSwiftPackageProductDependency;
			package = 5A7F40472B21FE34000A28F9 /* XCRemoteSwiftPackageReference "PianoRoll" */;
			productName = PianoRoll;
		};
		5A7F404B2B220667000A28F9 /* STKAudioKit */ = {
			isa = XCSwiftPackageProductDependency;
			package = 5A7F404A2B220667000A28F9 /* XCRemoteSwiftPackageReference "STKAudioKit" */;
			productName = STKAudioKit;
		};
		5A7F40562B22774A000A28F9 /* MIDIKit */ = {
			isa = XCSwiftPackageProductDependency;
			package = 5A7F40552B22774A000A28F9 /* XCRemoteSwiftPackageReference "MIDIKit" */;
			productName = MIDIKit;
		};
/* End XCSwiftPackageProductDependency section */
	};
	rootObject = C446DE3C2528D8E600138D0A /* Project object */;
}
