{
  "object": {
    "pins": [
      {
        "package": "AudioKit",
        "repositoryURL": "https://github.com/AudioKit/AudioKit.git",
        "state": {
          "branch": "v5-develop",
          "revision": "5850d611e5094dd92c9d633058520ec0b4b0c4e1",
          "version": null
        }
      }
    ]
  },
  "version": 1
}
