{
  "object": {
    "pins": [
      {
        "package": "AudioKit",
        "repositoryURL": "https://github.com/AudioKit/AudioKit.git",
        "state": {
          "branch": "v5-develop",
          "revision": "969d73b583d50e68ba07b3c79ea368501f3c3ca3",
          "version": null
        }
      },
      {
        "package": "Sliders",
        "repositoryURL": "https://github.com/spacenation/swiftui-sliders",
        "state": {
          "branch": null,
          "revision": "5109792d45a53c3c41680b8bdb0602b5dde39c9a",
          "version": "1.0.0"
        }
      }
    ]
  },
  "version": 1
}
